{
  "pins" : [
    {
      "identity" : "alerttoast",
      "kind" : "remoteSourceControl",
      "location" : "https://gitee.com/bigshezhang/AlertToast.git",
      "state" : {
        "branch" : "master",
        "revision" : "6f0c1da59221ff337ebab856e13c7fcd26f9a426"
      }
    },
    {
      "identity" : "gifimage",
      "kind" : "remoteSourceControl",
      "location" : "https://gitee.com/bigshezhang/GIFImage.git",
      "state" : {
        "branch" : "main",
        "revision" : "800476380c5da5a507366fa3986e4897315c5469"
      }
    },
    {
      "identity" : "popupview",
      "kind" : "remoteSourceControl",
      "location" : "https://gitee.com/bigshezhang/PopupView.git",
      "state" : {
        "revision" : "a25e22b46d47558b1e7e049b5734522c6706600c",
        "version" : "1.1.5"
      }
    },
    {
      "identity" : "progress-bar-swifttui",
      "kind" : "remoteSourceControl",
      "location" : "https://gitee.com/bigshezhang/Progress-Bar-SwifttUI.git",
      "state" : {
        "revision" : "35dd5ffb369fa522519c819170e171d0a76dbbea",
        "version" : "1.0.4"
      }
    },
    {
      "identity" : "swiftuicharts",
      "kind" : "remoteSourceControl",
      "location" : "https://gitee.com/bigshezhang/SwiftUICharts.git",
      "state" : {
        "branch" : "main",
        "revision" : "7dbfa0977f50657084c895651c30e857672d22b8"
      }
    },
    {
      "identity" : "the-first-chart-view",
      "kind" : "remoteSourceControl",
      "location" : "https://gitee.com/bigshezhang/the-first-chart-view.git",
      "state" : {
        "revision" : "caa75ecbc0d68f2b50d714909566406f80214186",
        "version" : "2.0.0-beta.2"
      }
    }
  ],
  "version" : 2
}
