// !$*UTF8*$!
{
	archiveVersion = 1;
	classes = {
	};
	objectVersion = 55;
	objects = {

/* Begin PBXBuildFile section */
		ABA0614B286E8E8400F55658 /* AppDelegate.swift in Sources */ = {isa = PBXBuildFile; fileRef = ABA0614A286E8E8400F55658 /* AppDelegate.swift */; };
		ABA0614D286E8E8400F55658 /* SceneDelegate.swift in Sources */ = {isa = PBXBuildFile; fileRef = ABA0614C286E8E8400F55658 /* SceneDelegate.swift */; };
		ABA0614F286E8E8400F55658 /* ViewController.swift in Sources */ = {isa = PBXBuildFile; fileRef = ABA0614E286E8E8400F55658 /* ViewController.swift */; };
		ABA06152286E8E8400F55658 /* Main.storyboard in Resources */ = {isa = PBXBuildFile; fileRef = ABA06150286E8E8400F55658 /* Main.storyboard */; };
		ABA06154286E8E8400F55658 /* Assets.xcassets in Resources */ = {isa = PBXBuildFile; fileRef = ABA06153286E8E8400F55658 /* Assets.xcassets */; };
		ABA06157286E8E8400F55658 /* LaunchScreen.storyboard in Resources */ = {isa = PBXBuildFile; fileRef = ABA06155286E8E8400F55658 /* LaunchScreen.storyboard */; };
		ABA06162286E8E8400F55658 /* VeriHealthVESCTests.swift in Sources */ = {isa = PBXBuildFile; fileRef = ABA06161286E8E8400F55658 /* VeriHealthVESCTests.swift */; };
		ABA0616C286E8E8400F55658 /* VeriHealthVESCUITests.swift in Sources */ = {isa = PBXBuildFile; fileRef = ABA0616B286E8E8400F55658 /* VeriHealthVESCUITests.swift */; };
		ABA0616E286E8E8500F55658 /* VeriHealthVESCUITestsLaunchTests.swift in Sources */ = {isa = PBXBuildFile; fileRef = ABA0616D286E8E8500F55658 /* VeriHealthVESCUITestsLaunchTests.swift */; };
		ABA06186286E8F2200F55658 /* ProtocolFramework.xcframework in Frameworks */ = {isa = PBXBuildFile; fileRef = ABA0617C286E8F2200F55658 /* ProtocolFramework.xcframework */; };
		ABA06187286E8F2200F55658 /* ProtocolFramework.xcframework in Embed Frameworks */ = {isa = PBXBuildFile; fileRef = ABA0617C286E8F2200F55658 /* ProtocolFramework.xcframework */; settings = {ATTRIBUTES = (CodeSignOnCopy, RemoveHeadersOnCopy, ); }; };
		ABA06188286E8F2200F55658 /* Realm.xcframework in Frameworks */ = {isa = PBXBuildFile; fileRef = ABA0617D286E8F2200F55658 /* Realm.xcframework */; };
		ABA06189286E8F2200F55658 /* Realm.xcframework in Embed Frameworks */ = {isa = PBXBuildFile; fileRef = ABA0617D286E8F2200F55658 /* Realm.xcframework */; settings = {ATTRIBUTES = (CodeSignOnCopy, RemoveHeadersOnCopy, ); }; };
		ABA0618A286E8F2200F55658 /* CocoaAsyncSocket.xcframework in Frameworks */ = {isa = PBXBuildFile; fileRef = ABA0617E286E8F2200F55658 /* CocoaAsyncSocket.xcframework */; };
		ABA0618B286E8F2200F55658 /* CocoaAsyncSocket.xcframework in Embed Frameworks */ = {isa = PBXBuildFile; fileRef = ABA0617E286E8F2200F55658 /* CocoaAsyncSocket.xcframework */; settings = {ATTRIBUTES = (CodeSignOnCopy, RemoveHeadersOnCopy, ); }; };
		ABA0618C286E8F2200F55658 /* BaseFramework.xcframework in Frameworks */ = {isa = PBXBuildFile; fileRef = ABA0617F286E8F2200F55658 /* BaseFramework.xcframework */; };
		ABA0618D286E8F2200F55658 /* BaseFramework.xcframework in Embed Frameworks */ = {isa = PBXBuildFile; fileRef = ABA0617F286E8F2200F55658 /* BaseFramework.xcframework */; settings = {ATTRIBUTES = (CodeSignOnCopy, RemoveHeadersOnCopy, ); }; };
		ABA0618E286E8F2200F55658 /* HttpFramework.xcframework in Frameworks */ = {isa = PBXBuildFile; fileRef = ABA06180286E8F2200F55658 /* HttpFramework.xcframework */; };
		ABA0618F286E8F2200F55658 /* HttpFramework.xcframework in Embed Frameworks */ = {isa = PBXBuildFile; fileRef = ABA06180286E8F2200F55658 /* HttpFramework.xcframework */; settings = {ATTRIBUTES = (CodeSignOnCopy, RemoveHeadersOnCopy, ); }; };
		ABA06190286E8F2200F55658 /* BleFramework.xcframework in Frameworks */ = {isa = PBXBuildFile; fileRef = ABA06181286E8F2200F55658 /* BleFramework.xcframework */; };
		ABA06191286E8F2200F55658 /* BleFramework.xcframework in Embed Frameworks */ = {isa = PBXBuildFile; fileRef = ABA06181286E8F2200F55658 /* BleFramework.xcframework */; settings = {ATTRIBUTES = (CodeSignOnCopy, RemoveHeadersOnCopy, ); }; };
		ABA06192286E8F2200F55658 /* CocoaMQTT.xcframework in Frameworks */ = {isa = PBXBuildFile; fileRef = ABA06182286E8F2200F55658 /* CocoaMQTT.xcframework */; };
		ABA06193286E8F2200F55658 /* CocoaMQTT.xcframework in Embed Frameworks */ = {isa = PBXBuildFile; fileRef = ABA06182286E8F2200F55658 /* CocoaMQTT.xcframework */; settings = {ATTRIBUTES = (CodeSignOnCopy, RemoveHeadersOnCopy, ); }; };
		ABA06194286E8F2200F55658 /* AFNetworking.xcframework in Frameworks */ = {isa = PBXBuildFile; fileRef = ABA06183286E8F2200F55658 /* AFNetworking.xcframework */; };
		ABA06195286E8F2200F55658 /* AFNetworking.xcframework in Embed Frameworks */ = {isa = PBXBuildFile; fileRef = ABA06183286E8F2200F55658 /* AFNetworking.xcframework */; settings = {ATTRIBUTES = (CodeSignOnCopy, RemoveHeadersOnCopy, ); }; };
		ABA06196286E8F2200F55658 /* AlgorithmFramework.xcframework in Frameworks */ = {isa = PBXBuildFile; fileRef = ABA06184286E8F2200F55658 /* AlgorithmFramework.xcframework */; };
		ABA06197286E8F2200F55658 /* AlgorithmFramework.xcframework in Embed Frameworks */ = {isa = PBXBuildFile; fileRef = ABA06184286E8F2200F55658 /* AlgorithmFramework.xcframework */; settings = {ATTRIBUTES = (CodeSignOnCopy, RemoveHeadersOnCopy, ); }; };
		ABA06198286E8F2200F55658 /* CoreSDK.xcframework in Frameworks */ = {isa = PBXBuildFile; fileRef = ABA06185286E8F2200F55658 /* CoreSDK.xcframework */; };
		ABA06199286E8F2200F55658 /* CoreSDK.xcframework in Embed Frameworks */ = {isa = PBXBuildFile; fileRef = ABA06185286E8F2200F55658 /* CoreSDK.xcframework */; settings = {ATTRIBUTES = (CodeSignOnCopy, RemoveHeadersOnCopy, ); }; };
/* End PBXBuildFile section */

/* Begin PBXContainerItemProxy section */
		ABA0615E286E8E8400F55658 /* PBXContainerItemProxy */ = {
			isa = PBXContainerItemProxy;
			containerPortal = ABA0613F286E8E8400F55658 /* Project object */;
			proxyType = 1;
			remoteGlobalIDString = ABA06146286E8E8400F55658;
			remoteInfo = VeriHealthVESC;
		};
		ABA06168286E8E8400F55658 /* PBXContainerItemProxy */ = {
			isa = PBXContainerItemProxy;
			containerPortal = ABA0613F286E8E8400F55658 /* Project object */;
			proxyType = 1;
			remoteGlobalIDString = ABA06146286E8E8400F55658;
			remoteInfo = VeriHealthVESC;
		};
/* End PBXContainerItemProxy section */

/* Begin PBXCopyFilesBuildPhase section */
		ABA0619A286E8F2200F55658 /* Embed Frameworks */ = {
			isa = PBXCopyFilesBuildPhase;
			buildActionMask = 2147483647;
			dstPath = "";
			dstSubfolderSpec = 10;
			files = (
				ABA0618B286E8F2200F55658 /* CocoaAsyncSocket.xcframework in Embed Frameworks */,
				ABA06193286E8F2200F55658 /* CocoaMQTT.xcframework in Embed Frameworks */,
				ABA0618D286E8F2200F55658 /* BaseFramework.xcframework in Embed Frameworks */,
				ABA06199286E8F2200F55658 /* CoreSDK.xcframework in Embed Frameworks */,
				ABA06187286E8F2200F55658 /* ProtocolFramework.xcframework in Embed Frameworks */,
				ABA0618F286E8F2200F55658 /* HttpFramework.xcframework in Embed Frameworks */,
				ABA06191286E8F2200F55658 /* BleFramework.xcframework in Embed Frameworks */,
				ABA06197286E8F2200F55658 /* AlgorithmFramework.xcframework in Embed Frameworks */,
				ABA06195286E8F2200F55658 /* AFNetworking.xcframework in Embed Frameworks */,
				ABA06189286E8F2200F55658 /* Realm.xcframework in Embed Frameworks */,
			);
			name = "Embed Frameworks";
			runOnlyForDeploymentPostprocessing = 0;
		};
/* End PBXCopyFilesBuildPhase section */

/* Begin PBXFileReference section */
		ABA06147286E8E8400F55658 /* VeriHealthVESC.app */ = {isa = PBXFileReference; explicitFileType = wrapper.application; includeInIndex = 0; path = VeriHealthVESC.app; sourceTree = BUILT_PRODUCTS_DIR; };
		ABA0614A286E8E8400F55658 /* AppDelegate.swift */ = {isa = PBXFileReference; lastKnownFileType = sourcecode.swift; path = AppDelegate.swift; sourceTree = "<group>"; };
		ABA0614C286E8E8400F55658 /* SceneDelegate.swift */ = {isa = PBXFileReference; lastKnownFileType = sourcecode.swift; path = SceneDelegate.swift; sourceTree = "<group>"; };
		ABA0614E286E8E8400F55658 /* ViewController.swift */ = {isa = PBXFileReference; lastKnownFileType = sourcecode.swift; path = ViewController.swift; sourceTree = "<group>"; };
		ABA06151286E8E8400F55658 /* Base */ = {isa = PBXFileReference; lastKnownFileType = file.storyboard; name = Base; path = Base.lproj/Main.storyboard; sourceTree = "<group>"; };
		ABA06153286E8E8400F55658 /* Assets.xcassets */ = {isa = PBXFileReference; lastKnownFileType = folder.assetcatalog; path = Assets.xcassets; sourceTree = "<group>"; };
		ABA06156286E8E8400F55658 /* Base */ = {isa = PBXFileReference; lastKnownFileType = file.storyboard; name = Base; path = Base.lproj/LaunchScreen.storyboard; sourceTree = "<group>"; };
		ABA06158286E8E8400F55658 /* Info.plist */ = {isa = PBXFileReference; lastKnownFileType = text.plist.xml; path = Info.plist; sourceTree = "<group>"; };
		ABA0615D286E8E8400F55658 /* VeriHealthVESCTests.xctest */ = {isa = PBXFileReference; explicitFileType = wrapper.cfbundle; includeInIndex = 0; path = VeriHealthVESCTests.xctest; sourceTree = BUILT_PRODUCTS_DIR; };
		ABA06161286E8E8400F55658 /* VeriHealthVESCTests.swift */ = {isa = PBXFileReference; lastKnownFileType = sourcecode.swift; path = VeriHealthVESCTests.swift; sourceTree = "<group>"; };
		ABA06167286E8E8400F55658 /* VeriHealthVESCUITests.xctest */ = {isa = PBXFileReference; explicitFileType = wrapper.cfbundle; includeInIndex = 0; path = VeriHealthVESCUITests.xctest; sourceTree = BUILT_PRODUCTS_DIR; };
		ABA0616B286E8E8400F55658 /* VeriHealthVESCUITests.swift */ = {isa = PBXFileReference; lastKnownFileType = sourcecode.swift; path = VeriHealthVESCUITests.swift; sourceTree = "<group>"; };
		ABA0616D286E8E8500F55658 /* VeriHealthVESCUITestsLaunchTests.swift */ = {isa = PBXFileReference; lastKnownFileType = sourcecode.swift; path = VeriHealthVESCUITestsLaunchTests.swift; sourceTree = "<group>"; };
		ABA0617A286E8EB700F55658 /* VeriHealthVESC-Bridging-Header.h */ = {isa = PBXFileReference; lastKnownFileType = sourcecode.c.h; path = "VeriHealthVESC-Bridging-Header.h"; sourceTree = "<group>"; };
		ABA0617C286E8F2200F55658 /* ProtocolFramework.xcframework */ = {isa = PBXFileReference; lastKnownFileType = wrapper.xcframework; name = ProtocolFramework.xcframework; path = VeriHealthSDK/ProtocolFramework.xcframework; sourceTree = "<group>"; };
		ABA0617D286E8F2200F55658 /* Realm.xcframework */ = {isa = PBXFileReference; lastKnownFileType = wrapper.xcframework; name = Realm.xcframework; path = VeriHealthSDK/Realm.xcframework; sourceTree = "<group>"; };
		ABA0617E286E8F2200F55658 /* CocoaAsyncSocket.xcframework */ = {isa = PBXFileReference; lastKnownFileType = wrapper.xcframework; name = CocoaAsyncSocket.xcframework; path = VeriHealthSDK/CocoaAsyncSocket.xcframework; sourceTree = "<group>"; };
		ABA0617F286E8F2200F55658 /* BaseFramework.xcframework */ = {isa = PBXFileReference; lastKnownFileType = wrapper.xcframework; name = BaseFramework.xcframework; path = VeriHealthSDK/BaseFramework.xcframework; sourceTree = "<group>"; };
		ABA06180286E8F2200F55658 /* HttpFramework.xcframework */ = {isa = PBXFileReference; lastKnownFileType = wrapper.xcframework; name = HttpFramework.xcframework; path = VeriHealthSDK/HttpFramework.xcframework; sourceTree = "<group>"; };
		ABA06181286E8F2200F55658 /* BleFramework.xcframework */ = {isa = PBXFileReference; lastKnownFileType = wrapper.xcframework; name = BleFramework.xcframework; path = VeriHealthSDK/BleFramework.xcframework; sourceTree = "<group>"; };
		ABA06182286E8F2200F55658 /* CocoaMQTT.xcframework */ = {isa = PBXFileReference; lastKnownFileType = wrapper.xcframework; name = CocoaMQTT.xcframework; path = VeriHealthSDK/CocoaMQTT.xcframework; sourceTree = "<group>"; };
		ABA06183286E8F2200F55658 /* AFNetworking.xcframework */ = {isa = PBXFileReference; lastKnownFileType = wrapper.xcframework; name = AFNetworking.xcframework; path = VeriHealthSDK/AFNetworking.xcframework; sourceTree = "<group>"; };
		ABA06184286E8F2200F55658 /* AlgorithmFramework.xcframework */ = {isa = PBXFileReference; lastKnownFileType = wrapper.xcframework; name = AlgorithmFramework.xcframework; path = VeriHealthSDK/AlgorithmFramework.xcframework; sourceTree = "<group>"; };
		ABA06185286E8F2200F55658 /* CoreSDK.xcframework */ = {isa = PBXFileReference; lastKnownFileType = wrapper.xcframework; name = CoreSDK.xcframework; path = VeriHealthSDK/CoreSDK.xcframework; sourceTree = "<group>"; };
/* End PBXFileReference section */

/* Begin PBXFrameworksBuildPhase section */
		ABA06144286E8E8400F55658 /* Frameworks */ = {
			isa = PBXFrameworksBuildPhase;
			buildActionMask = 2147483647;
			files = (
				ABA0618A286E8F2200F55658 /* CocoaAsyncSocket.xcframework in Frameworks */,
				ABA06192286E8F2200F55658 /* CocoaMQTT.xcframework in Frameworks */,
				ABA0618C286E8F2200F55658 /* BaseFramework.xcframework in Frameworks */,
				ABA06198286E8F2200F55658 /* CoreSDK.xcframework in Frameworks */,
				ABA06186286E8F2200F55658 /* ProtocolFramework.xcframework in Frameworks */,
				ABA0618E286E8F2200F55658 /* HttpFramework.xcframework in Frameworks */,
				ABA06190286E8F2200F55658 /* BleFramework.xcframework in Frameworks */,
				ABA06196286E8F2200F55658 /* AlgorithmFramework.xcframework in Frameworks */,
				ABA06194286E8F2200F55658 /* AFNetworking.xcframework in Frameworks */,
				ABA06188286E8F2200F55658 /* Realm.xcframework in Frameworks */,
			);
			runOnlyForDeploymentPostprocessing = 0;
		};
		ABA0615A286E8E8400F55658 /* Frameworks */ = {
			isa = PBXFrameworksBuildPhase;
			buildActionMask = 2147483647;
			files = (
			);
			runOnlyForDeploymentPostprocessing = 0;
		};
		ABA06164286E8E8400F55658 /* Frameworks */ = {
			isa = PBXFrameworksBuildPhase;
			buildActionMask = 2147483647;
			files = (
			);
			runOnlyForDeploymentPostprocessing = 0;
		};
/* End PBXFrameworksBuildPhase section */

/* Begin PBXGroup section */
		ABA0613E286E8E8400F55658 = {
			isa = PBXGroup;
			children = (
				ABA06149286E8E8400F55658 /* VeriHealthVESC */,
				ABA06160286E8E8400F55658 /* VeriHealthVESCTests */,
				ABA0616A286E8E8400F55658 /* VeriHealthVESCUITests */,
				ABA06148286E8E8400F55658 /* Products */,
				ABA0617B286E8F2200F55658 /* Frameworks */,
			);
			sourceTree = "<group>";
		};
		ABA06148286E8E8400F55658 /* Products */ = {
			isa = PBXGroup;
			children = (
				ABA06147286E8E8400F55658 /* VeriHealthVESC.app */,
				ABA0615D286E8E8400F55658 /* VeriHealthVESCTests.xctest */,
				ABA06167286E8E8400F55658 /* VeriHealthVESCUITests.xctest */,
			);
			name = Products;
			sourceTree = "<group>";
		};
		ABA06149286E8E8400F55658 /* VeriHealthVESC */ = {
			isa = PBXGroup;
			children = (
				ABA0614A286E8E8400F55658 /* AppDelegate.swift */,
				ABA0614C286E8E8400F55658 /* SceneDelegate.swift */,
				ABA0614E286E8E8400F55658 /* ViewController.swift */,
				ABA06150286E8E8400F55658 /* Main.storyboard */,
				ABA06153286E8E8400F55658 /* Assets.xcassets */,
				ABA06155286E8E8400F55658 /* LaunchScreen.storyboard */,
				ABA0617A286E8EB700F55658 /* VeriHealthVESC-Bridging-Header.h */,
				ABA06158286E8E8400F55658 /* Info.plist */,
			);
			path = VeriHealthVESC;
			sourceTree = "<group>";
		};
		ABA06160286E8E8400F55658 /* VeriHealthVESCTests */ = {
			isa = PBXGroup;
			children = (
				ABA06161286E8E8400F55658 /* VeriHealthVESCTests.swift */,
			);
			path = VeriHealthVESCTests;
			sourceTree = "<group>";
		};
		ABA0616A286E8E8400F55658 /* VeriHealthVESCUITests */ = {
			isa = PBXGroup;
			children = (
				ABA0616B286E8E8400F55658 /* VeriHealthVESCUITests.swift */,
				ABA0616D286E8E8500F55658 /* VeriHealthVESCUITestsLaunchTests.swift */,
			);
			path = VeriHealthVESCUITests;
			sourceTree = "<group>";
		};
		ABA0617B286E8F2200F55658 /* Frameworks */ = {
			isa = PBXGroup;
			children = (
				ABA06183286E8F2200F55658 /* AFNetworking.xcframework */,
				ABA06184286E8F2200F55658 /* AlgorithmFramework.xcframework */,
				ABA0617F286E8F2200F55658 /* BaseFramework.xcframework */,
				ABA06181286E8F2200F55658 /* BleFramework.xcframework */,
				ABA0617E286E8F2200F55658 /* CocoaAsyncSocket.xcframework */,
				ABA06182286E8F2200F55658 /* CocoaMQTT.xcframework */,
				ABA06185286E8F2200F55658 /* CoreSDK.xcframework */,
				ABA06180286E8F2200F55658 /* HttpFramework.xcframework */,
				ABA0617C286E8F2200F55658 /* ProtocolFramework.xcframework */,
				ABA0617D286E8F2200F55658 /* Realm.xcframework */,
			);
			name = Frameworks;
			sourceTree = "<group>";
		};
/* End PBXGroup section */

/* Begin PBXNativeTarget section */
		ABA06146286E8E8400F55658 /* VeriHealthVESC */ = {
			isa = PBXNativeTarget;
			buildConfigurationList = ABA06171286E8E8500F55658 /* Build configuration list for PBXNativeTarget "VeriHealthVESC" */;
			buildPhases = (
				ABA06143286E8E8400F55658 /* Sources */,
				ABA06144286E8E8400F55658 /* Frameworks */,
				ABA06145286E8E8400F55658 /* Resources */,
				ABA0619A286E8F2200F55658 /* Embed Frameworks */,
			);
			buildRules = (
			);
			dependencies = (
			);
			name = VeriHealthVESC;
			productName = VeriHealthVESC;
			productReference = ABA06147286E8E8400F55658 /* VeriHealthVESC.app */;
			productType = "com.apple.product-type.application";
		};
		ABA0615C286E8E8400F55658 /* VeriHealthVESCTests */ = {
			isa = PBXNativeTarget;
			buildConfigurationList = ABA06174286E8E8500F55658 /* Build configuration list for PBXNativeTarget "VeriHealthVESCTests" */;
			buildPhases = (
				ABA06159286E8E8400F55658 /* Sources */,
				ABA0615A286E8E8400F55658 /* Frameworks */,
				ABA0615B286E8E8400F55658 /* Resources */,
			);
			buildRules = (
			);
			dependencies = (
				ABA0615F286E8E8400F55658 /* PBXTargetDependency */,
			);
			name = VeriHealthVESCTests;
			productName = VeriHealthVESCTests;
			productReference = ABA0615D286E8E8400F55658 /* VeriHealthVESCTests.xctest */;
			productType = "com.apple.product-type.bundle.unit-test";
		};
		ABA06166286E8E8400F55658 /* VeriHealthVESCUITests */ = {
			isa = PBXNativeTarget;
			buildConfigurationList = ABA06177286E8E8500F55658 /* Build configuration list for PBXNativeTarget "VeriHealthVESCUITests" */;
			buildPhases = (
				ABA06163286E8E8400F55658 /* Sources */,
				ABA06164286E8E8400F55658 /* Frameworks */,
				ABA06165286E8E8400F55658 /* Resources */,
			);
			buildRules = (
			);
			dependencies = (
				ABA06169286E8E8400F55658 /* PBXTargetDependency */,
			);
			name = VeriHealthVESCUITests;
			productName = VeriHealthVESCUITests;
			productReference = ABA06167286E8E8400F55658 /* VeriHealthVESCUITests.xctest */;
			productType = "com.apple.product-type.bundle.ui-testing";
		};
/* End PBXNativeTarget section */

/* Begin PBXProject section */
		ABA0613F286E8E8400F55658 /* Project object */ = {
			isa = PBXProject;
			attributes = {
				BuildIndependentTargetsInParallel = 1;
				LastSwiftUpdateCheck = 1340;
				LastUpgradeCheck = 1340;
				TargetAttributes = {
					ABA06146286E8E8400F55658 = {
						CreatedOnToolsVersion = 13.4.1;
					};
					ABA0615C286E8E8400F55658 = {
						CreatedOnToolsVersion = 13.4.1;
						TestTargetID = ABA06146286E8E8400F55658;
					};
					ABA06166286E8E8400F55658 = {
						CreatedOnToolsVersion = 13.4.1;
						TestTargetID = ABA06146286E8E8400F55658;
					};
				};
			};
			buildConfigurationList = ABA06142286E8E8400F55658 /* Build configuration list for PBXProject "VeriHealthVESC" */;
			compatibilityVersion = "Xcode 13.0";
			developmentRegion = en;
			hasScannedForEncodings = 0;
			knownRegions = (
				en,
				Base,
			);
			mainGroup = ABA0613E286E8E8400F55658;
			productRefGroup = ABA06148286E8E8400F55658 /* Products */;
			projectDirPath = "";
			projectRoot = "";
			targets = (
				ABA06146286E8E8400F55658 /* VeriHealthVESC */,
				ABA0615C286E8E8400F55658 /* VeriHealthVESCTests */,
				ABA06166286E8E8400F55658 /* VeriHealthVESCUITests */,
			);
		};
/* End PBXProject section */

/* Begin PBXResourcesBuildPhase section */
		ABA06145286E8E8400F55658 /* Resources */ = {
			isa = PBXResourcesBuildPhase;
			buildActionMask = 2147483647;
			files = (
				ABA06157286E8E8400F55658 /* LaunchScreen.storyboard in Resources */,
				ABA06154286E8E8400F55658 /* Assets.xcassets in Resources */,
				ABA06152286E8E8400F55658 /* Main.storyboard in Resources */,
			);
			runOnlyForDeploymentPostprocessing = 0;
		};
		ABA0615B286E8E8400F55658 /* Resources */ = {
			isa = PBXResourcesBuildPhase;
			buildActionMask = 2147483647;
			files = (
			);
			runOnlyForDeploymentPostprocessing = 0;
		};
		ABA06165286E8E8400F55658 /* Resources */ = {
			isa = PBXResourcesBuildPhase;
			buildActionMask = 2147483647;
			files = (
			);
			runOnlyForDeploymentPostprocessing = 0;
		};
/* End PBXResourcesBuildPhase section */

/* Begin PBXSourcesBuildPhase section */
		ABA06143286E8E8400F55658 /* Sources */ = {
			isa = PBXSourcesBuildPhase;
			buildActionMask = 2147483647;
			files = (
				ABA0614F286E8E8400F55658 /* ViewController.swift in Sources */,
				ABA0614B286E8E8400F55658 /* AppDelegate.swift in Sources */,
				ABA0614D286E8E8400F55658 /* SceneDelegate.swift in Sources */,
			);
			runOnlyForDeploymentPostprocessing = 0;
		};
		ABA06159286E8E8400F55658 /* Sources */ = {
			isa = PBXSourcesBuildPhase;
			buildActionMask = 2147483647;
			files = (
				ABA06162286E8E8400F55658 /* VeriHealthVESCTests.swift in Sources */,
			);
			runOnlyForDeploymentPostprocessing = 0;
		};
		ABA06163286E8E8400F55658 /* Sources */ = {
			isa = PBXSourcesBuildPhase;
			buildActionMask = 2147483647;
			files = (
				ABA0616C286E8E8400F55658 /* VeriHealthVESCUITests.swift in Sources */,
				ABA0616E286E8E8500F55658 /* VeriHealthVESCUITestsLaunchTests.swift in Sources */,
			);
			runOnlyForDeploymentPostprocessing = 0;
		};
/* End PBXSourcesBuildPhase section */

/* Begin PBXTargetDependency section */
		ABA0615F286E8E8400F55658 /* PBXTargetDependency */ = {
			isa = PBXTargetDependency;
			target = ABA06146286E8E8400F55658 /* VeriHealthVESC */;
			targetProxy = ABA0615E286E8E8400F55658 /* PBXContainerItemProxy */;
		};
		ABA06169286E8E8400F55658 /* PBXTargetDependency */ = {
			isa = PBXTargetDependency;
			target = ABA06146286E8E8400F55658 /* VeriHealthVESC */;
			targetProxy = ABA06168286E8E8400F55658 /* PBXContainerItemProxy */;
		};
/* End PBXTargetDependency section */

/* Begin PBXVariantGroup section */
		ABA06150286E8E8400F55658 /* Main.storyboard */ = {
			isa = PBXVariantGroup;
			children = (
				ABA06151286E8E8400F55658 /* Base */,
			);
			name = Main.storyboard;
			sourceTree = "<group>";
		};
		ABA06155286E8E8400F55658 /* LaunchScreen.storyboard */ = {
			isa = PBXVariantGroup;
			children = (
				ABA06156286E8E8400F55658 /* Base */,
			);
			name = LaunchScreen.storyboard;
			sourceTree = "<group>";
		};
/* End PBXVariantGroup section */

/* Begin XCBuildConfiguration section */
		ABA0616F286E8E8500F55658 /* Debug */ = {
			isa = XCBuildConfiguration;
			buildSettings = {
				ALWAYS_SEARCH_USER_PATHS = NO;
				CLANG_ANALYZER_NONNULL = YES;
				CLANG_ANALYZER_NUMBER_OBJECT_CONVERSION = YES_AGGRESSIVE;
				CLANG_CXX_LANGUAGE_STANDARD = "gnu++17";
				CLANG_ENABLE_MODULES = YES;
				CLANG_ENABLE_OBJC_ARC = YES;
				CLANG_ENABLE_OBJC_WEAK = YES;
				CLANG_WARN_BLOCK_CAPTURE_AUTORELEASING = YES;
				CLANG_WARN_BOOL_CONVERSION = YES;
				CLANG_WARN_COMMA = YES;
				CLANG_WARN_CONSTANT_CONVERSION = YES;
				CLANG_WARN_DEPRECATED_OBJC_IMPLEMENTATIONS = YES;
				CLANG_WARN_DIRECT_OBJC_ISA_USAGE = YES_ERROR;
				CLANG_WARN_DOCUMENTATION_COMMENTS = YES;
				CLANG_WARN_EMPTY_BODY = YES;
				CLANG_WARN_ENUM_CONVERSION = YES;
				CLANG_WARN_INFINITE_RECURSION = YES;
				CLANG_WARN_INT_CONVERSION = YES;
				CLANG_WARN_NON_LITERAL_NULL_CONVERSION = YES;
				CLANG_WARN_OBJC_IMPLICIT_RETAIN_SELF = YES;
				CLANG_WARN_OBJC_LITERAL_CONVERSION = YES;
				CLANG_WARN_OBJC_ROOT_CLASS = YES_ERROR;
				CLANG_WARN_QUOTED_INCLUDE_IN_FRAMEWORK_HEADER = YES;
				CLANG_WARN_RANGE_LOOP_ANALYSIS = YES;
				CLANG_WARN_STRICT_PROTOTYPES = YES;
				CLANG_WARN_SUSPICIOUS_MOVE = YES;
				CLANG_WARN_UNGUARDED_AVAILABILITY = YES_AGGRESSIVE;
				CLANG_WARN_UNREACHABLE_CODE = YES;
				CLANG_WARN__DUPLICATE_METHOD_MATCH = YES;
				COPY_PHASE_STRIP = NO;
				DEBUG_INFORMATION_FORMAT = dwarf;
				ENABLE_STRICT_OBJC_MSGSEND = YES;
				ENABLE_TESTABILITY = YES;
				GCC_C_LANGUAGE_STANDARD = gnu11;
				GCC_DYNAMIC_NO_PIC = NO;
				GCC_NO_COMMON_BLOCKS = YES;
				GCC_OPTIMIZATION_LEVEL = 0;
				GCC_PREPROCESSOR_DEFINITIONS = (
					"DEBUG=1",
					"$(inherited)",
				);
				GCC_WARN_64_TO_32_BIT_CONVERSION = YES;
				GCC_WARN_ABOUT_RETURN_TYPE = YES_ERROR;
				GCC_WARN_UNDECLARED_SELECTOR = YES;
				GCC_WARN_UNINITIALIZED_AUTOS = YES_AGGRESSIVE;
				GCC_WARN_UNUSED_FUNCTION = YES;
				GCC_WARN_UNUSED_VARIABLE = YES;
				IPHONEOS_DEPLOYMENT_TARGET = 15.5;
				MTL_ENABLE_DEBUG_INFO = INCLUDE_SOURCE;
				MTL_FAST_MATH = YES;
				ONLY_ACTIVE_ARCH = YES;
				SDKROOT = iphoneos;
				SWIFT_ACTIVE_COMPILATION_CONDITIONS = DEBUG;
				SWIFT_OPTIMIZATION_LEVEL = "-Onone";
			};
			name = Debug;
		};
		ABA06170286E8E8500F55658 /* Release */ = {
			isa = XCBuildConfiguration;
			buildSettings = {
				ALWAYS_SEARCH_USER_PATHS = NO;
				CLANG_ANALYZER_NONNULL = YES;
				CLANG_ANALYZER_NUMBER_OBJECT_CONVERSION = YES_AGGRESSIVE;
				CLANG_CXX_LANGUAGE_STANDARD = "gnu++17";
				CLANG_ENABLE_MODULES = YES;
				CLANG_ENABLE_OBJC_ARC = YES;
				CLANG_ENABLE_OBJC_WEAK = YES;
				CLANG_WARN_BLOCK_CAPTURE_AUTORELEASING = YES;
				CLANG_WARN_BOOL_CONVERSION = YES;
				CLANG_WARN_COMMA = YES;
				CLANG_WARN_CONSTANT_CONVERSION = YES;
				CLANG_WARN_DEPRECATED_OBJC_IMPLEMENTATIONS = YES;
				CLANG_WARN_DIRECT_OBJC_ISA_USAGE = YES_ERROR;
				CLANG_WARN_DOCUMENTATION_COMMENTS = YES;
				CLANG_WARN_EMPTY_BODY = YES;
				CLANG_WARN_ENUM_CONVERSION = YES;
				CLANG_WARN_INFINITE_RECURSION = YES;
				CLANG_WARN_INT_CONVERSION = YES;
				CLANG_WARN_NON_LITERAL_NULL_CONVERSION = YES;
				CLANG_WARN_OBJC_IMPLICIT_RETAIN_SELF = YES;
				CLANG_WARN_OBJC_LITERAL_CONVERSION = YES;
				CLANG_WARN_OBJC_ROOT_CLASS = YES_ERROR;
				CLANG_WARN_QUOTED_INCLUDE_IN_FRAMEWORK_HEADER = YES;
				CLANG_WARN_RANGE_LOOP_ANALYSIS = YES;
				CLANG_WARN_STRICT_PROTOTYPES = YES;
				CLANG_WARN_SUSPICIOUS_MOVE = YES;
				CLANG_WARN_UNGUARDED_AVAILABILITY = YES_AGGRESSIVE;
				CLANG_WARN_UNREACHABLE_CODE = YES;
				CLANG_WARN__DUPLICATE_METHOD_MATCH = YES;
				COPY_PHASE_STRIP = NO;
				DEBUG_INFORMATION_FORMAT = "dwarf-with-dsym";
				ENABLE_NS_ASSERTIONS = NO;
				ENABLE_STRICT_OBJC_MSGSEND = YES;
				GCC_C_LANGUAGE_STANDARD = gnu11;
				GCC_NO_COMMON_BLOCKS = YES;
				GCC_WARN_64_TO_32_BIT_CONVERSION = YES;
				GCC_WARN_ABOUT_RETURN_TYPE = YES_ERROR;
				GCC_WARN_UNDECLARED_SELECTOR = YES;
				GCC_WARN_UNINITIALIZED_AUTOS = YES_AGGRESSIVE;
				GCC_WARN_UNUSED_FUNCTION = YES;
				GCC_WARN_UNUSED_VARIABLE = YES;
				IPHONEOS_DEPLOYMENT_TARGET = 15.5;
				MTL_ENABLE_DEBUG_INFO = NO;
				MTL_FAST_MATH = YES;
				SDKROOT = iphoneos;
				SWIFT_COMPILATION_MODE = wholemodule;
				SWIFT_OPTIMIZATION_LEVEL = "-O";
				VALIDATE_PRODUCT = YES;
			};
			name = Release;
		};
		ABA06172286E8E8500F55658 /* Debug */ = {
			isa = XCBuildConfiguration;
			buildSettings = {
				ASSETCATALOG_COMPILER_APPICON_NAME = AppIcon;
				ASSETCATALOG_COMPILER_GLOBAL_ACCENT_COLOR_NAME = AccentColor;
				CODE_SIGN_STYLE = Automatic;
				CURRENT_PROJECT_VERSION = 1;
				DEVELOPMENT_TEAM = HB866Q4FU7;
				ENABLE_BITCODE = NO;
				GENERATE_INFOPLIST_FILE = YES;
				INFOPLIST_FILE = VeriHealthVESC/Info.plist;
				INFOPLIST_KEY_UIApplicationSupportsIndirectInputEvents = YES;
				INFOPLIST_KEY_UILaunchStoryboardName = LaunchScreen;
				INFOPLIST_KEY_UIMainStoryboardFile = Main;
				INFOPLIST_KEY_UISupportedInterfaceOrientations_iPad = "UIInterfaceOrientationPortrait UIInterfaceOrientationPortraitUpsideDown UIInterfaceOrientationLandscapeLeft UIInterfaceOrientationLandscapeRight";
				INFOPLIST_KEY_UISupportedInterfaceOrientations_iPhone = "UIInterfaceOrientationPortrait UIInterfaceOrientationLandscapeLeft UIInterfaceOrientationLandscapeRight";
				IPHONEOS_DEPLOYMENT_TARGET = 13.0;
				LD_RUNPATH_SEARCH_PATHS = (
					"$(inherited)",
					"@executable_path/Frameworks",
				);
				MARKETING_VERSION = 1.0;
				PRODUCT_BUNDLE_IDENTIFIER = VeriSilicon.VeriHealthVESC;
				PRODUCT_NAME = "$(TARGET_NAME)";
				SWIFT_EMIT_LOC_STRINGS = YES;
				SWIFT_OBJC_BRIDGING_HEADER = "VeriHealthVESC/VeriHealthVESC-Bridging-Header.h";
				SWIFT_VERSION = 5.0;
				TARGETED_DEVICE_FAMILY = "1,2";
			};
			name = Debug;
		};
		ABA06173286E8E8500F55658 /* Release */ = {
			isa = XCBuildConfiguration;
			buildSettings = {
				ASSETCATALOG_COMPILER_APPICON_NAME = AppIcon;
				ASSETCATALOG_COMPILER_GLOBAL_ACCENT_COLOR_NAME = AccentColor;
				CODE_SIGN_STYLE = Automatic;
				CURRENT_PROJECT_VERSION = 1;
				DEVELOPMENT_TEAM = HB866Q4FU7;
				ENABLE_BITCODE = NO;
				GENERATE_INFOPLIST_FILE = YES;
				INFOPLIST_FILE = VeriHealthVESC/Info.plist;
				INFOPLIST_KEY_UIApplicationSupportsIndirectInputEvents = YES;
				INFOPLIST_KEY_UILaunchStoryboardName = LaunchScreen;
				INFOPLIST_KEY_UIMainStoryboardFile = Main;
				INFOPLIST_KEY_UISupportedInterfaceOrientations_iPad = "UIInterfaceOrientationPortrait UIInterfaceOrientationPortraitUpsideDown UIInterfaceOrientationLandscapeLeft UIInterfaceOrientationLandscapeRight";
				INFOPLIST_KEY_UISupportedInterfaceOrientations_iPhone = "UIInterfaceOrientationPortrait UIInterfaceOrientationLandscapeLeft UIInterfaceOrientationLandscapeRight";
				IPHONEOS_DEPLOYMENT_TARGET = 13.0;
				LD_RUNPATH_SEARCH_PATHS = (
					"$(inherited)",
					"@executable_path/Frameworks",
				);
				MARKETING_VERSION = 1.0;
				PRODUCT_BUNDLE_IDENTIFIER = VeriSilicon.VeriHealthVESC;
				PRODUCT_NAME = "$(TARGET_NAME)";
				SWIFT_EMIT_LOC_STRINGS = YES;
				SWIFT_OBJC_BRIDGING_HEADER = "VeriHealthVESC/VeriHealthVESC-Bridging-Header.h";
				SWIFT_VERSION = 5.0;
				TARGETED_DEVICE_FAMILY = "1,2";
			};
			name = Release;
		};
		ABA06175286E8E8500F55658 /* Debug */ = {
			isa = XCBuildConfiguration;
			buildSettings = {
				ALWAYS_EMBED_SWIFT_STANDARD_LIBRARIES = YES;
				BUNDLE_LOADER = "$(TEST_HOST)";
				CODE_SIGN_STYLE = Automatic;
				CURRENT_PROJECT_VERSION = 1;
				GENERATE_INFOPLIST_FILE = YES;
				IPHONEOS_DEPLOYMENT_TARGET = 15.5;
				MARKETING_VERSION = 1.0;
				PRODUCT_BUNDLE_IDENTIFIER = VeriSilicon.VeriHealthVESCTests;
				PRODUCT_NAME = "$(TARGET_NAME)";
				SWIFT_EMIT_LOC_STRINGS = NO;
				SWIFT_VERSION = 5.0;
				TARGETED_DEVICE_FAMILY = "1,2";
				TEST_HOST = "$(BUILT_PRODUCTS_DIR)/VeriHealthVESC.app/VeriHealthVESC";
			};
			name = Debug;
		};
		ABA06176286E8E8500F55658 /* Release */ = {
			isa = XCBuildConfiguration;
			buildSettings = {
				ALWAYS_EMBED_SWIFT_STANDARD_LIBRARIES = YES;
				BUNDLE_LOADER = "$(TEST_HOST)";
				CODE_SIGN_STYLE = Automatic;
				CURRENT_PROJECT_VERSION = 1;
				GENERATE_INFOPLIST_FILE = YES;
				IPHONEOS_DEPLOYMENT_TARGET = 15.5;
				MARKETING_VERSION = 1.0;
				PRODUCT_BUNDLE_IDENTIFIER = VeriSilicon.VeriHealthVESCTests;
				PRODUCT_NAME = "$(TARGET_NAME)";
				SWIFT_EMIT_LOC_STRINGS = NO;
				SWIFT_VERSION = 5.0;
				TARGETED_DEVICE_FAMILY = "1,2";
				TEST_HOST = "$(BUILT_PRODUCTS_DIR)/VeriHealthVESC.app/VeriHealthVESC";
			};
			name = Release;
		};
		ABA06178286E8E8500F55658 /* Debug */ = {
			isa = XCBuildConfiguration;
			buildSettings = {
				ALWAYS_EMBED_SWIFT_STANDARD_LIBRARIES = YES;
				CODE_SIGN_STYLE = Automatic;
				CURRENT_PROJECT_VERSION = 1;
				GENERATE_INFOPLIST_FILE = YES;
				MARKETING_VERSION = 1.0;
				PRODUCT_BUNDLE_IDENTIFIER = VeriSilicon.VeriHealthVESCUITests;
				PRODUCT_NAME = "$(TARGET_NAME)";
				SWIFT_EMIT_LOC_STRINGS = NO;
				SWIFT_VERSION = 5.0;
				TARGETED_DEVICE_FAMILY = "1,2";
				TEST_TARGET_NAME = VeriHealthVESC;
			};
			name = Debug;
		};
		ABA06179286E8E8500F55658 /* Release */ = {
			isa = XCBuildConfiguration;
			buildSettings = {
				ALWAYS_EMBED_SWIFT_STANDARD_LIBRARIES = YES;
				CODE_SIGN_STYLE = Automatic;
				CURRENT_PROJECT_VERSION = 1;
				GENERATE_INFOPLIST_FILE = YES;
				MARKETING_VERSION = 1.0;
				PRODUCT_BUNDLE_IDENTIFIER = VeriSilicon.VeriHealthVESCUITests;
				PRODUCT_NAME = "$(TARGET_NAME)";
				SWIFT_EMIT_LOC_STRINGS = NO;
				SWIFT_VERSION = 5.0;
				TARGETED_DEVICE_FAMILY = "1,2";
				TEST_TARGET_NAME = VeriHealthVESC;
			};
			name = Release;
		};
/* End XCBuildConfiguration section */

/* Begin XCConfigurationList section */
		ABA06142286E8E8400F55658 /* Build configuration list for PBXProject "VeriHealthVESC" */ = {
			isa = XCConfigurationList;
			buildConfigurations = (
				ABA0616F286E8E8500F55658 /* Debug */,
				ABA06170286E8E8500F55658 /* Release */,
			);
			defaultConfigurationIsVisible = 0;
			defaultConfigurationName = Release;
		};
		ABA06171286E8E8500F55658 /* Build configuration list for PBXNativeTarget "VeriHealthVESC" */ = {
			isa = XCConfigurationList;
			buildConfigurations = (
				ABA06172286E8E8500F55658 /* Debug */,
				ABA06173286E8E8500F55658 /* Release */,
			);
			defaultConfigurationIsVisible = 0;
			defaultConfigurationName = Release;
		};
		ABA06174286E8E8500F55658 /* Build configuration list for PBXNativeTarget "VeriHealthVESCTests" */ = {
			isa = XCConfigurationList;
			buildConfigurations = (
				ABA06175286E8E8500F55658 /* Debug */,
				ABA06176286E8E8500F55658 /* Release */,
			);
			defaultConfigurationIsVisible = 0;
			defaultConfigurationName = Release;
		};
		ABA06177286E8E8500F55658 /* Build configuration list for PBXNativeTarget "VeriHealthVESCUITests" */ = {
			isa = XCConfigurationList;
			buildConfigurations = (
				ABA06178286E8E8500F55658 /* Debug */,
				ABA06179286E8E8500F55658 /* Release */,
			);
			defaultConfigurationIsVisible = 0;
			defaultConfigurationName = Release;
		};
/* End XCConfigurationList section */
	};
	rootObject = ABA0613F286E8E8400F55658 /* Project object */;
}
