// !$*UTF8*$!
{
	archiveVersion = 1;
	classes = {
	};
	objectVersion = 54;
	objects = {

/* Begin PBXBuildFile section */
		E024F72D2890317F007650DB /* Spinner.swift in Sources */ = {isa = PBXBuildFile; fileRef = E024F72C2890317F007650DB /* Spinner.swift */; };
		E024F72F2890379D007650DB /* Recording.swift in Sources */ = {isa = PBXBuildFile; fileRef = E024F72E2890379D007650DB /* Recording.swift */; };
		E05650C9288D2A3A006755C8 /* ScanDeviceView.swift in Sources */ = {isa = PBXBuildFile; fileRef = E05650C8288D2A3A006755C8 /* ScanDeviceView.swift */; };
		E0A981CD28918C9600EDE15A /* DeviceManager.swift in Sources */ = {isa = PBXBuildFile; fileRef = E0A981CC28918C9600EDE15A /* DeviceManager.swift */; };
		E0A981D228923C9600EDE15A /* DataFrame.c in Sources */ = {isa = PBXBuildFile; fileRef = E0A981D128923C9600EDE15A /* DataFrame.c */; };
		E0BD634828901EB200CAA896 /* MyDeviceView.swift in Sources */ = {isa = PBXBuildFile; fileRef = E0BD634728901EB200CAA896 /* MyDeviceView.swift */; };
		E0BD634A289020DA00CAA896 /* RealTimeView.swift in Sources */ = {isa = PBXBuildFile; fileRef = E0BD6349289020DA00CAA896 /* RealTimeView.swift */; };
		E0BD634D28902B5800CAA896 /* SwiftUICharts in Frameworks */ = {isa = PBXBuildFile; productRef = E0BD634C28902B5800CAA896 /* SwiftUICharts */; };
		E0ED5D812886CBD300258227 /* PPG_HRVApp.swift in Sources */ = {isa = PBXBuildFile; fileRef = E0ED5D802886CBD300258227 /* PPG_HRVApp.swift */; };
		E0ED5D852886CBD400258227 /* Assets.xcassets in Resources */ = {isa = PBXBuildFile; fileRef = E0ED5D842886CBD400258227 /* Assets.xcassets */; };
		E0ED5D882886CBD400258227 /* Preview Assets.xcassets in Resources */ = {isa = PBXBuildFile; fileRef = E0ED5D872886CBD400258227 /* Preview Assets.xcassets */; };
		E0ED5D922886CBD400258227 /* PPG_HRVTests.swift in Sources */ = {isa = PBXBuildFile; fileRef = E0ED5D912886CBD400258227 /* PPG_HRVTests.swift */; };
		E0ED5D9C2886CBD400258227 /* PPG_HRVUITests.swift in Sources */ = {isa = PBXBuildFile; fileRef = E0ED5D9B2886CBD400258227 /* PPG_HRVUITests.swift */; };
		E0ED5D9E2886CBD400258227 /* PPG_HRVUITestsLaunchTests.swift in Sources */ = {isa = PBXBuildFile; fileRef = E0ED5D9D2886CBD400258227 /* PPG_HRVUITestsLaunchTests.swift */; };
		E0ED5DAC2886EE3B00258227 /* SplashScreen.swift in Sources */ = {isa = PBXBuildFile; fileRef = E0ED5DAB2886EE3B00258227 /* SplashScreen.swift */; };
		E0ED5DAF2886FC7100258227 /* UserData.swift in Sources */ = {isa = PBXBuildFile; fileRef = E0ED5DAE2886FC7100258227 /* UserData.swift */; };
		E0ED5DB228879D4900258227 /* HomeView.swift in Sources */ = {isa = PBXBuildFile; fileRef = E0ED5DB128879D4900258227 /* HomeView.swift */; };
		E0ED5DB728879D8200258227 /* TabView.swift in Sources */ = {isa = PBXBuildFile; fileRef = E0ED5DB628879D8200258227 /* TabView.swift */; };
		E0ED5DB928879DD600258227 /* ViewRouter.swift in Sources */ = {isa = PBXBuildFile; fileRef = E0ED5DB828879DD600258227 /* ViewRouter.swift */; };
		E0ED5DBF2887A45100258227 /* RouterView.swift in Sources */ = {isa = PBXBuildFile; fileRef = E0ED5DBE2887A45100258227 /* RouterView.swift */; };
		E0ED5DC32887A8BD00258227 /* Page1.swift in Sources */ = {isa = PBXBuildFile; fileRef = E0ED5DC22887A8BD00258227 /* Page1.swift */; };
		E0ED5DC52887A8C900258227 /* Page2.swift in Sources */ = {isa = PBXBuildFile; fileRef = E0ED5DC42887A8C900258227 /* Page2.swift */; };
		E0ED5DD12887E46400258227 /* AlgorithmFramework.xcframework in Frameworks */ = {isa = PBXBuildFile; fileRef = E0ED5DC72887E46400258227 /* AlgorithmFramework.xcframework */; };
		E0ED5DD22887E46400258227 /* AlgorithmFramework.xcframework in Embed Frameworks */ = {isa = PBXBuildFile; fileRef = E0ED5DC72887E46400258227 /* AlgorithmFramework.xcframework */; settings = {ATTRIBUTES = (CodeSignOnCopy, RemoveHeadersOnCopy, ); }; };
		E0ED5DD32887E46400258227 /* HttpFramework.xcframework in Frameworks */ = {isa = PBXBuildFile; fileRef = E0ED5DC82887E46400258227 /* HttpFramework.xcframework */; };
		E0ED5DD42887E46400258227 /* HttpFramework.xcframework in Embed Frameworks */ = {isa = PBXBuildFile; fileRef = E0ED5DC82887E46400258227 /* HttpFramework.xcframework */; settings = {ATTRIBUTES = (CodeSignOnCopy, RemoveHeadersOnCopy, ); }; };
		E0ED5DD52887E46400258227 /* ProtocolFramework.xcframework in Frameworks */ = {isa = PBXBuildFile; fileRef = E0ED5DC92887E46400258227 /* ProtocolFramework.xcframework */; };
		E0ED5DD62887E46400258227 /* ProtocolFramework.xcframework in Embed Frameworks */ = {isa = PBXBuildFile; fileRef = E0ED5DC92887E46400258227 /* ProtocolFramework.xcframework */; settings = {ATTRIBUTES = (CodeSignOnCopy, RemoveHeadersOnCopy, ); }; };
		E0ED5DD72887E46400258227 /* BleFramework.xcframework in Frameworks */ = {isa = PBXBuildFile; fileRef = E0ED5DCA2887E46400258227 /* BleFramework.xcframework */; };
		E0ED5DD82887E46400258227 /* BleFramework.xcframework in Embed Frameworks */ = {isa = PBXBuildFile; fileRef = E0ED5DCA2887E46400258227 /* BleFramework.xcframework */; settings = {ATTRIBUTES = (CodeSignOnCopy, RemoveHeadersOnCopy, ); }; };
		E0ED5DD92887E46400258227 /* CocoaMQTT.xcframework in Frameworks */ = {isa = PBXBuildFile; fileRef = E0ED5DCB2887E46400258227 /* CocoaMQTT.xcframework */; };
		E0ED5DDA2887E46400258227 /* CocoaMQTT.xcframework in Embed Frameworks */ = {isa = PBXBuildFile; fileRef = E0ED5DCB2887E46400258227 /* CocoaMQTT.xcframework */; settings = {ATTRIBUTES = (CodeSignOnCopy, RemoveHeadersOnCopy, ); }; };
		E0ED5DDB2887E46400258227 /* AFNetworking.xcframework in Frameworks */ = {isa = PBXBuildFile; fileRef = E0ED5DCC2887E46400258227 /* AFNetworking.xcframework */; };
		E0ED5DDC2887E46400258227 /* AFNetworking.xcframework in Embed Frameworks */ = {isa = PBXBuildFile; fileRef = E0ED5DCC2887E46400258227 /* AFNetworking.xcframework */; settings = {ATTRIBUTES = (CodeSignOnCopy, RemoveHeadersOnCopy, ); }; };
		E0ED5DDD2887E46400258227 /* BaseFramework.xcframework in Frameworks */ = {isa = PBXBuildFile; fileRef = E0ED5DCD2887E46400258227 /* BaseFramework.xcframework */; };
		E0ED5DDE2887E46400258227 /* BaseFramework.xcframework in Embed Frameworks */ = {isa = PBXBuildFile; fileRef = E0ED5DCD2887E46400258227 /* BaseFramework.xcframework */; settings = {ATTRIBUTES = (CodeSignOnCopy, RemoveHeadersOnCopy, ); }; };
		E0ED5DDF2887E46400258227 /* CoreSDK.xcframework in Frameworks */ = {isa = PBXBuildFile; fileRef = E0ED5DCE2887E46400258227 /* CoreSDK.xcframework */; };
		E0ED5DE02887E46400258227 /* CoreSDK.xcframework in Embed Frameworks */ = {isa = PBXBuildFile; fileRef = E0ED5DCE2887E46400258227 /* CoreSDK.xcframework */; settings = {ATTRIBUTES = (CodeSignOnCopy, RemoveHeadersOnCopy, ); }; };
		E0ED5DE12887E46400258227 /* Realm.xcframework in Frameworks */ = {isa = PBXBuildFile; fileRef = E0ED5DCF2887E46400258227 /* Realm.xcframework */; };
		E0ED5DE22887E46400258227 /* Realm.xcframework in Embed Frameworks */ = {isa = PBXBuildFile; fileRef = E0ED5DCF2887E46400258227 /* Realm.xcframework */; settings = {ATTRIBUTES = (CodeSignOnCopy, RemoveHeadersOnCopy, ); }; };
		E0ED5DE32887E46400258227 /* CocoaAsyncSocket.xcframework in Frameworks */ = {isa = PBXBuildFile; fileRef = E0ED5DD02887E46400258227 /* CocoaAsyncSocket.xcframework */; };
		E0ED5DE42887E46400258227 /* CocoaAsyncSocket.xcframework in Embed Frameworks */ = {isa = PBXBuildFile; fileRef = E0ED5DD02887E46400258227 /* CocoaAsyncSocket.xcframework */; settings = {ATTRIBUTES = (CodeSignOnCopy, RemoveHeadersOnCopy, ); }; };
/* End PBXBuildFile section */

/* Begin PBXContainerItemProxy section */
		E0ED5D8E2886CBD400258227 /* PBXContainerItemProxy */ = {
			isa = PBXContainerItemProxy;
			containerPortal = E0ED5D752886CBD300258227 /* Project object */;
			proxyType = 1;
			remoteGlobalIDString = E0ED5D7C2886CBD300258227;
			remoteInfo = "PPG-HRV";
		};
		E0ED5D982886CBD400258227 /* PBXContainerItemProxy */ = {
			isa = PBXContainerItemProxy;
			containerPortal = E0ED5D752886CBD300258227 /* Project object */;
			proxyType = 1;
			remoteGlobalIDString = E0ED5D7C2886CBD300258227;
			remoteInfo = "PPG-HRV";
		};
/* End PBXContainerItemProxy section */

/* Begin PBXCopyFilesBuildPhase section */
		E0ED5DE52887E46400258227 /* Embed Frameworks */ = {
			isa = PBXCopyFilesBuildPhase;
			buildActionMask = 2147483647;
			dstPath = "";
			dstSubfolderSpec = 10;
			files = (
				E0ED5DD82887E46400258227 /* BleFramework.xcframework in Embed Frameworks */,
				E0ED5DDA2887E46400258227 /* CocoaMQTT.xcframework in Embed Frameworks */,
				E0ED5DDE2887E46400258227 /* BaseFramework.xcframework in Embed Frameworks */,
				E0ED5DE42887E46400258227 /* CocoaAsyncSocket.xcframework in Embed Frameworks */,
				E0ED5DD62887E46400258227 /* ProtocolFramework.xcframework in Embed Frameworks */,
				E0ED5DD42887E46400258227 /* HttpFramework.xcframework in Embed Frameworks */,
				E0ED5DE22887E46400258227 /* Realm.xcframework in Embed Frameworks */,
				E0ED5DE02887E46400258227 /* CoreSDK.xcframework in Embed Frameworks */,
				E0ED5DDC2887E46400258227 /* AFNetworking.xcframework in Embed Frameworks */,
				E0ED5DD22887E46400258227 /* AlgorithmFramework.xcframework in Embed Frameworks */,
			);
			name = "Embed Frameworks";
			runOnlyForDeploymentPostprocessing = 0;
		};
/* End PBXCopyFilesBuildPhase section */

/* Begin PBXFileReference section */
		E024F72C2890317F007650DB /* Spinner.swift */ = {isa = PBXFileReference; fileEncoding = 4; lastKnownFileType = sourcecode.swift; path = Spinner.swift; sourceTree = "<group>"; };
		E024F72E2890379D007650DB /* Recording.swift */ = {isa = PBXFileReference; fileEncoding = 4; lastKnownFileType = sourcecode.swift; path = Recording.swift; sourceTree = "<group>"; };
		E05650C8288D2A3A006755C8 /* ScanDeviceView.swift */ = {isa = PBXFileReference; lastKnownFileType = sourcecode.swift; path = ScanDeviceView.swift; sourceTree = "<group>"; };
		E08CC2682889E599004317BE /* Info.plist */ = {isa = PBXFileReference; lastKnownFileType = text.plist; path = Info.plist; sourceTree = "<group>"; };
		E08CC2692889EBF0004317BE /* PPG-HRV-Bridging-Header.h */ = {isa = PBXFileReference; lastKnownFileType = sourcecode.c.h; path = "PPG-HRV-Bridging-Header.h"; sourceTree = "<group>"; };
		E0A981CC28918C9600EDE15A /* DeviceManager.swift */ = {isa = PBXFileReference; lastKnownFileType = sourcecode.swift; path = DeviceManager.swift; sourceTree = "<group>"; };
		E0A981D028923C9600EDE15A /* DataFrame.h */ = {isa = PBXFileReference; lastKnownFileType = sourcecode.c.h; path = DataFrame.h; sourceTree = "<group>"; };
		E0A981D128923C9600EDE15A /* DataFrame.c */ = {isa = PBXFileReference; lastKnownFileType = sourcecode.c.c; path = DataFrame.c; sourceTree = "<group>"; };
		E0BD634728901EB200CAA896 /* MyDeviceView.swift */ = {isa = PBXFileReference; lastKnownFileType = sourcecode.swift; path = MyDeviceView.swift; sourceTree = "<group>"; };
		E0BD6349289020DA00CAA896 /* RealTimeView.swift */ = {isa = PBXFileReference; lastKnownFileType = sourcecode.swift; path = RealTimeView.swift; sourceTree = "<group>"; };
		E0ED5D7D2886CBD300258227 /* PPG-HRV.app */ = {isa = PBXFileReference; explicitFileType = wrapper.application; includeInIndex = 0; path = "PPG-HRV.app"; sourceTree = BUILT_PRODUCTS_DIR; };
		E0ED5D802886CBD300258227 /* PPG_HRVApp.swift */ = {isa = PBXFileReference; lastKnownFileType = sourcecode.swift; path = PPG_HRVApp.swift; sourceTree = "<group>"; };
		E0ED5D842886CBD400258227 /* Assets.xcassets */ = {isa = PBXFileReference; lastKnownFileType = folder.assetcatalog; path = Assets.xcassets; sourceTree = "<group>"; };
		E0ED5D872886CBD400258227 /* Preview Assets.xcassets */ = {isa = PBXFileReference; lastKnownFileType = folder.assetcatalog; path = "Preview Assets.xcassets"; sourceTree = "<group>"; };
		E0ED5D8D2886CBD400258227 /* PPG-HRVTests.xctest */ = {isa = PBXFileReference; explicitFileType = wrapper.cfbundle; includeInIndex = 0; path = "PPG-HRVTests.xctest"; sourceTree = BUILT_PRODUCTS_DIR; };
		E0ED5D912886CBD400258227 /* PPG_HRVTests.swift */ = {isa = PBXFileReference; lastKnownFileType = sourcecode.swift; path = PPG_HRVTests.swift; sourceTree = "<group>"; };
		E0ED5D972886CBD400258227 /* PPG-HRVUITests.xctest */ = {isa = PBXFileReference; explicitFileType = wrapper.cfbundle; includeInIndex = 0; path = "PPG-HRVUITests.xctest"; sourceTree = BUILT_PRODUCTS_DIR; };
		E0ED5D9B2886CBD400258227 /* PPG_HRVUITests.swift */ = {isa = PBXFileReference; lastKnownFileType = sourcecode.swift; path = PPG_HRVUITests.swift; sourceTree = "<group>"; };
		E0ED5D9D2886CBD400258227 /* PPG_HRVUITestsLaunchTests.swift */ = {isa = PBXFileReference; lastKnownFileType = sourcecode.swift; path = PPG_HRVUITestsLaunchTests.swift; sourceTree = "<group>"; };
		E0ED5DAB2886EE3B00258227 /* SplashScreen.swift */ = {isa = PBXFileReference; lastKnownFileType = sourcecode.swift; path = SplashScreen.swift; sourceTree = "<group>"; };
		E0ED5DAE2886FC7100258227 /* UserData.swift */ = {isa = PBXFileReference; lastKnownFileType = sourcecode.swift; path = UserData.swift; sourceTree = "<group>"; };
		E0ED5DB128879D4900258227 /* HomeView.swift */ = {isa = PBXFileReference; lastKnownFileType = sourcecode.swift; path = HomeView.swift; sourceTree = "<group>"; };
		E0ED5DB628879D8200258227 /* TabView.swift */ = {isa = PBXFileReference; lastKnownFileType = sourcecode.swift; path = TabView.swift; sourceTree = "<group>"; };
		E0ED5DB828879DD600258227 /* ViewRouter.swift */ = {isa = PBXFileReference; lastKnownFileType = sourcecode.swift; path = ViewRouter.swift; sourceTree = "<group>"; };
		E0ED5DBE2887A45100258227 /* RouterView.swift */ = {isa = PBXFileReference; lastKnownFileType = sourcecode.swift; path = RouterView.swift; sourceTree = "<group>"; };
		E0ED5DC22887A8BD00258227 /* Page1.swift */ = {isa = PBXFileReference; lastKnownFileType = sourcecode.swift; path = Page1.swift; sourceTree = "<group>"; };
		E0ED5DC42887A8C900258227 /* Page2.swift */ = {isa = PBXFileReference; lastKnownFileType = sourcecode.swift; path = Page2.swift; sourceTree = "<group>"; };
		E0ED5DC72887E46400258227 /* AlgorithmFramework.xcframework */ = {isa = PBXFileReference; lastKnownFileType = wrapper.xcframework; name = AlgorithmFramework.xcframework; path = VeriHealthVESC/VeriHealthSDK/AlgorithmFramework.xcframework; sourceTree = "<group>"; };
		E0ED5DC82887E46400258227 /* HttpFramework.xcframework */ = {isa = PBXFileReference; lastKnownFileType = wrapper.xcframework; name = HttpFramework.xcframework; path = VeriHealthVESC/VeriHealthSDK/HttpFramework.xcframework; sourceTree = "<group>"; };
		E0ED5DC92887E46400258227 /* ProtocolFramework.xcframework */ = {isa = PBXFileReference; lastKnownFileType = wrapper.xcframework; name = ProtocolFramework.xcframework; path = VeriHealthVESC/VeriHealthSDK/ProtocolFramework.xcframework; sourceTree = "<group>"; };
		E0ED5DCA2887E46400258227 /* BleFramework.xcframework */ = {isa = PBXFileReference; lastKnownFileType = wrapper.xcframework; name = BleFramework.xcframework; path = VeriHealthVESC/VeriHealthSDK/BleFramework.xcframework; sourceTree = "<group>"; };
		E0ED5DCB2887E46400258227 /* CocoaMQTT.xcframework */ = {isa = PBXFileReference; lastKnownFileType = wrapper.xcframework; name = CocoaMQTT.xcframework; path = VeriHealthVESC/VeriHealthSDK/CocoaMQTT.xcframework; sourceTree = "<group>"; };
		E0ED5DCC2887E46400258227 /* AFNetworking.xcframework */ = {isa = PBXFileReference; lastKnownFileType = wrapper.xcframework; name = AFNetworking.xcframework; path = VeriHealthVESC/VeriHealthSDK/AFNetworking.xcframework; sourceTree = "<group>"; };
		E0ED5DCD2887E46400258227 /* BaseFramework.xcframework */ = {isa = PBXFileReference; lastKnownFileType = wrapper.xcframework; name = BaseFramework.xcframework; path = VeriHealthVESC/VeriHealthSDK/BaseFramework.xcframework; sourceTree = "<group>"; };
		E0ED5DCE2887E46400258227 /* CoreSDK.xcframework */ = {isa = PBXFileReference; lastKnownFileType = wrapper.xcframework; name = CoreSDK.xcframework; path = VeriHealthVESC/VeriHealthSDK/CoreSDK.xcframework; sourceTree = "<group>"; };
		E0ED5DCF2887E46400258227 /* Realm.xcframework */ = {isa = PBXFileReference; lastKnownFileType = wrapper.xcframework; name = Realm.xcframework; path = VeriHealthVESC/VeriHealthSDK/Realm.xcframework; sourceTree = "<group>"; };
		E0ED5DD02887E46400258227 /* CocoaAsyncSocket.xcframework */ = {isa = PBXFileReference; lastKnownFileType = wrapper.xcframework; name = CocoaAsyncSocket.xcframework; path = VeriHealthVESC/VeriHealthSDK/CocoaAsyncSocket.xcframework; sourceTree = "<group>"; };
		E0F1B322288C1763006B264F /* VHBluetoothFramwork */ = {isa = PBXFileReference; lastKnownFileType = folder; path = VHBluetoothFramwork; sourceTree = "<group>"; };
/* End PBXFileReference section */

/* Begin PBXFrameworksBuildPhase section */
		E0ED5D7A2886CBD300258227 /* Frameworks */ = {
			isa = PBXFrameworksBuildPhase;
			buildActionMask = 2147483647;
			files = (
				E0ED5DD72887E46400258227 /* BleFramework.xcframework in Frameworks */,
				E0ED5DD92887E46400258227 /* CocoaMQTT.xcframework in Frameworks */,
				E0ED5DDD2887E46400258227 /* BaseFramework.xcframework in Frameworks */,
				E0ED5DE32887E46400258227 /* CocoaAsyncSocket.xcframework in Frameworks */,
				E0ED5DD52887E46400258227 /* ProtocolFramework.xcframework in Frameworks */,
				E0ED5DD32887E46400258227 /* HttpFramework.xcframework in Frameworks */,
				E0ED5DE12887E46400258227 /* Realm.xcframework in Frameworks */,
				E0BD634D28902B5800CAA896 /* SwiftUICharts in Frameworks */,
				E0ED5DDF2887E46400258227 /* CoreSDK.xcframework in Frameworks */,
				E0ED5DDB2887E46400258227 /* AFNetworking.xcframework in Frameworks */,
				E0ED5DD12887E46400258227 /* AlgorithmFramework.xcframework in Frameworks */,
			);
			runOnlyForDeploymentPostprocessing = 0;
		};
		E0ED5D8A2886CBD400258227 /* Frameworks */ = {
			isa = PBXFrameworksBuildPhase;
			buildActionMask = 2147483647;
			files = (
			);
			runOnlyForDeploymentPostprocessing = 0;
		};
		E0ED5D942886CBD400258227 /* Frameworks */ = {
			isa = PBXFrameworksBuildPhase;
			buildActionMask = 2147483647;
			files = (
			);
			runOnlyForDeploymentPostprocessing = 0;
		};
/* End PBXFrameworksBuildPhase section */

/* Begin PBXGroup section */
		E0560B28288F74EF00B27EC3 /* Helper */ = {
			isa = PBXGroup;
			children = (
				E024F72E2890379D007650DB /* Recording.swift */,
				E024F72C2890317F007650DB /* Spinner.swift */,
			);
			path = Helper;
			sourceTree = "<group>";
		};
		E0ED5D742886CBD300258227 = {
			isa = PBXGroup;
			children = (
				E0ED5D7F2886CBD300258227 /* PPG-HRV */,
				E0ED5D902886CBD400258227 /* PPG-HRVTests */,
				E0ED5D9A2886CBD400258227 /* PPG-HRVUITests */,
				E0ED5D7E2886CBD300258227 /* Products */,
				E0ED5DC62887E46400258227 /* Frameworks */,
			);
			sourceTree = "<group>";
		};
		E0ED5D7E2886CBD300258227 /* Products */ = {
			isa = PBXGroup;
			children = (
				E0ED5D7D2886CBD300258227 /* PPG-HRV.app */,
				E0ED5D8D2886CBD400258227 /* PPG-HRVTests.xctest */,
				E0ED5D972886CBD400258227 /* PPG-HRVUITests.xctest */,
			);
			name = Products;
			sourceTree = "<group>";
		};
		E0ED5D7F2886CBD300258227 /* PPG-HRV */ = {
			isa = PBXGroup;
			children = (
				E08CC2682889E599004317BE /* Info.plist */,
				E0ED5DB028879D2A00258227 /* Home */,
				E0ED5DC12887A8B100258227 /* Page2 */,
				E0ED5DC02887A8AB00258227 /* Page1 */,
				E0ED5DBB28879FF900258227 /* DeviceManager */,
				E0ED5DB328879D5B00258227 /* TabBar */,
				E0ED5DAD2886FC5D00258227 /* Storage */,
				E0ED5DAA2886EE0000258227 /* SplashScreen */,
				E0ED5D802886CBD300258227 /* PPG_HRVApp.swift */,
				E0ED5DBE2887A45100258227 /* RouterView.swift */,
				E0ED5D842886CBD400258227 /* Assets.xcassets */,
				E0560B28288F74EF00B27EC3 /* Helper */,
				E0ED5D862886CBD400258227 /* Preview Content */,
				E08CC2692889EBF0004317BE /* PPG-HRV-Bridging-Header.h */,
			);
			path = "PPG-HRV";
			sourceTree = "<group>";
		};
		E0ED5D862886CBD400258227 /* Preview Content */ = {
			isa = PBXGroup;
			children = (
				E0ED5D872886CBD400258227 /* Preview Assets.xcassets */,
			);
			path = "Preview Content";
			sourceTree = "<group>";
		};
		E0ED5D902886CBD400258227 /* PPG-HRVTests */ = {
			isa = PBXGroup;
			children = (
				E0ED5D912886CBD400258227 /* PPG_HRVTests.swift */,
			);
			path = "PPG-HRVTests";
			sourceTree = "<group>";
		};
		E0ED5D9A2886CBD400258227 /* PPG-HRVUITests */ = {
			isa = PBXGroup;
			children = (
				E0ED5D9B2886CBD400258227 /* PPG_HRVUITests.swift */,
				E0ED5D9D2886CBD400258227 /* PPG_HRVUITestsLaunchTests.swift */,
			);
			path = "PPG-HRVUITests";
			sourceTree = "<group>";
		};
		E0ED5DAA2886EE0000258227 /* SplashScreen */ = {
			isa = PBXGroup;
			children = (
				E0ED5DAB2886EE3B00258227 /* SplashScreen.swift */,
			);
			path = SplashScreen;
			sourceTree = "<group>";
		};
		E0ED5DAD2886FC5D00258227 /* Storage */ = {
			isa = PBXGroup;
			children = (
				E0ED5DAE2886FC7100258227 /* UserData.swift */,
			);
			path = Storage;
			sourceTree = "<group>";
		};
		E0ED5DB028879D2A00258227 /* Home */ = {
			isa = PBXGroup;
			children = (
				E0ED5DB128879D4900258227 /* HomeView.swift */,
				E0BD6349289020DA00CAA896 /* RealTimeView.swift */,
			);
			path = Home;
			sourceTree = "<group>";
		};
		E0ED5DB328879D5B00258227 /* TabBar */ = {
			isa = PBXGroup;
			children = (
				E0ED5DB628879D8200258227 /* TabView.swift */,
				E0ED5DB828879DD600258227 /* ViewRouter.swift */,
			);
			path = TabBar;
			sourceTree = "<group>";
		};
		E0ED5DBB28879FF900258227 /* DeviceManager */ = {
			isa = PBXGroup;
			children = (
				E05650C8288D2A3A006755C8 /* ScanDeviceView.swift */,
				E0BD634728901EB200CAA896 /* MyDeviceView.swift */,
				E0A981CC28918C9600EDE15A /* DeviceManager.swift */,
				E0A981D028923C9600EDE15A /* DataFrame.h */,
				E0A981D128923C9600EDE15A /* DataFrame.c */,
			);
			path = DeviceManager;
			sourceTree = "<group>";
		};
		E0ED5DC02887A8AB00258227 /* Page1 */ = {
			isa = PBXGroup;
			children = (
				E0ED5DC22887A8BD00258227 /* Page1.swift */,
			);
			path = Page1;
			sourceTree = "<group>";
		};
		E0ED5DC12887A8B100258227 /* Page2 */ = {
			isa = PBXGroup;
			children = (
				E0ED5DC42887A8C900258227 /* Page2.swift */,
			);
			path = Page2;
			sourceTree = "<group>";
		};
		E0ED5DC62887E46400258227 /* Frameworks */ = {
			isa = PBXGroup;
			children = (
				E0F1B322288C1763006B264F /* VHBluetoothFramwork */,
				E0ED5DCC2887E46400258227 /* AFNetworking.xcframework */,
				E0ED5DC72887E46400258227 /* AlgorithmFramework.xcframework */,
				E0ED5DCD2887E46400258227 /* BaseFramework.xcframework */,
				E0ED5DCA2887E46400258227 /* BleFramework.xcframework */,
				E0ED5DD02887E46400258227 /* CocoaAsyncSocket.xcframework */,
				E0ED5DCB2887E46400258227 /* CocoaMQTT.xcframework */,
				E0ED5DCE2887E46400258227 /* CoreSDK.xcframework */,
				E0ED5DC82887E46400258227 /* HttpFramework.xcframework */,
				E0ED5DC92887E46400258227 /* ProtocolFramework.xcframework */,
				E0ED5DCF2887E46400258227 /* Realm.xcframework */,
			);
			name = Frameworks;
			sourceTree = "<group>";
		};
/* End PBXGroup section */

/* Begin PBXNativeTarget section */
		E0ED5D7C2886CBD300258227 /* PPG-HRV */ = {
			isa = PBXNativeTarget;
			buildConfigurationList = E0ED5DA12886CBD400258227 /* Build configuration list for PBXNativeTarget "PPG-HRV" */;
			buildPhases = (
				E0ED5D792886CBD300258227 /* Sources */,
				E0ED5D7A2886CBD300258227 /* Frameworks */,
				E0ED5D7B2886CBD300258227 /* Resources */,
				E0ED5DE52887E46400258227 /* Embed Frameworks */,
			);
			buildRules = (
			);
			dependencies = (
			);
			name = "PPG-HRV";
			packageProductDependencies = (
				E0BD634C28902B5800CAA896 /* SwiftUICharts */,
			);
			productName = "PPG-HRV";
			productReference = E0ED5D7D2886CBD300258227 /* PPG-HRV.app */;
			productType = "com.apple.product-type.application";
		};
		E0ED5D8C2886CBD400258227 /* PPG-HRVTests */ = {
			isa = PBXNativeTarget;
			buildConfigurationList = E0ED5DA42886CBD400258227 /* Build configuration list for PBXNativeTarget "PPG-HRVTests" */;
			buildPhases = (
				E0ED5D892886CBD400258227 /* Sources */,
				E0ED5D8A2886CBD400258227 /* Frameworks */,
				E0ED5D8B2886CBD400258227 /* Resources */,
			);
			buildRules = (
			);
			dependencies = (
				E0ED5D8F2886CBD400258227 /* PBXTargetDependency */,
			);
			name = "PPG-HRVTests";
			productName = "PPG-HRVTests";
			productReference = E0ED5D8D2886CBD400258227 /* PPG-HRVTests.xctest */;
			productType = "com.apple.product-type.bundle.unit-test";
		};
		E0ED5D962886CBD400258227 /* PPG-HRVUITests */ = {
			isa = PBXNativeTarget;
			buildConfigurationList = E0ED5DA72886CBD400258227 /* Build configuration list for PBXNativeTarget "PPG-HRVUITests" */;
			buildPhases = (
				E0ED5D932886CBD400258227 /* Sources */,
				E0ED5D942886CBD400258227 /* Frameworks */,
				E0ED5D952886CBD400258227 /* Resources */,
			);
			buildRules = (
			);
			dependencies = (
				E0ED5D992886CBD400258227 /* PBXTargetDependency */,
			);
			name = "PPG-HRVUITests";
			productName = "PPG-HRVUITests";
			productReference = E0ED5D972886CBD400258227 /* PPG-HRVUITests.xctest */;
			productType = "com.apple.product-type.bundle.ui-testing";
		};
/* End PBXNativeTarget section */

/* Begin PBXProject section */
		E0ED5D752886CBD300258227 /* Project object */ = {
			isa = PBXProject;
			attributes = {
				BuildIndependentTargetsInParallel = 1;
				LastSwiftUpdateCheck = 1400;
				LastUpgradeCheck = 1400;
				TargetAttributes = {
					E0ED5D7C2886CBD300258227 = {
						CreatedOnToolsVersion = 14.0;
					};
					E0ED5D8C2886CBD400258227 = {
						CreatedOnToolsVersion = 14.0;
						TestTargetID = E0ED5D7C2886CBD300258227;
					};
					E0ED5D962886CBD400258227 = {
						CreatedOnToolsVersion = 14.0;
						TestTargetID = E0ED5D7C2886CBD300258227;
					};
				};
			};
			buildConfigurationList = E0ED5D782886CBD300258227 /* Build configuration list for PBXProject "PPG-HRV" */;
			compatibilityVersion = "Xcode 14.0";
			developmentRegion = en;
			hasScannedForEncodings = 0;
			knownRegions = (
				en,
				Base,
			);
			mainGroup = E0ED5D742886CBD300258227;
			packageReferences = (
				E0BD634B28902B5800CAA896 /* XCRemoteSwiftPackageReference "ChartView" */,
			);
			productRefGroup = E0ED5D7E2886CBD300258227 /* Products */;
			projectDirPath = "";
			projectRoot = "";
			targets = (
				E0ED5D7C2886CBD300258227 /* PPG-HRV */,
				E0ED5D8C2886CBD400258227 /* PPG-HRVTests */,
				E0ED5D962886CBD400258227 /* PPG-HRVUITests */,
			);
		};
/* End PBXProject section */

/* Begin PBXResourcesBuildPhase section */
		E0ED5D7B2886CBD300258227 /* Resources */ = {
			isa = PBXResourcesBuildPhase;
			buildActionMask = 2147483647;
			files = (
				E0ED5D882886CBD400258227 /* Preview Assets.xcassets in Resources */,
				E0ED5D852886CBD400258227 /* Assets.xcassets in Resources */,
			);
			runOnlyForDeploymentPostprocessing = 0;
		};
		E0ED5D8B2886CBD400258227 /* Resources */ = {
			isa = PBXResourcesBuildPhase;
			buildActionMask = 2147483647;
			files = (
			);
			runOnlyForDeploymentPostprocessing = 0;
		};
		E0ED5D952886CBD400258227 /* Resources */ = {
			isa = PBXResourcesBuildPhase;
			buildActionMask = 2147483647;
			files = (
			);
			runOnlyForDeploymentPostprocessing = 0;
		};
/* End PBXResourcesBuildPhase section */

/* Begin PBXSourcesBuildPhase section */
		E0ED5D792886CBD300258227 /* Sources */ = {
			isa = PBXSourcesBuildPhase;
			buildActionMask = 2147483647;
			files = (
				E024F72F2890379D007650DB /* Recording.swift in Sources */,
				E0A981D228923C9600EDE15A /* DataFrame.c in Sources */,
				E0BD634828901EB200CAA896 /* MyDeviceView.swift in Sources */,
				E0ED5DB728879D8200258227 /* TabView.swift in Sources */,
				E0ED5DAF2886FC7100258227 /* UserData.swift in Sources */,
				E0BD634A289020DA00CAA896 /* RealTimeView.swift in Sources */,
				E024F72D2890317F007650DB /* Spinner.swift in Sources */,
				E0ED5DC32887A8BD00258227 /* Page1.swift in Sources */,
				E0ED5DB228879D4900258227 /* HomeView.swift in Sources */,
				E0ED5DB928879DD600258227 /* ViewRouter.swift in Sources */,
				E0ED5DAC2886EE3B00258227 /* SplashScreen.swift in Sources */,
				E05650C9288D2A3A006755C8 /* ScanDeviceView.swift in Sources */,
				E0ED5D812886CBD300258227 /* PPG_HRVApp.swift in Sources */,
				E0ED5DBF2887A45100258227 /* RouterView.swift in Sources */,
				E0A981CD28918C9600EDE15A /* DeviceManager.swift in Sources */,
				E0ED5DC52887A8C900258227 /* Page2.swift in Sources */,
			);
			runOnlyForDeploymentPostprocessing = 0;
		};
		E0ED5D892886CBD400258227 /* Sources */ = {
			isa = PBXSourcesBuildPhase;
			buildActionMask = 2147483647;
			files = (
				E0ED5D922886CBD400258227 /* PPG_HRVTests.swift in Sources */,
			);
			runOnlyForDeploymentPostprocessing = 0;
		};
		E0ED5D932886CBD400258227 /* Sources */ = {
			isa = PBXSourcesBuildPhase;
			buildActionMask = 2147483647;
			files = (
				E0ED5D9C2886CBD400258227 /* PPG_HRVUITests.swift in Sources */,
				E0ED5D9E2886CBD400258227 /* PPG_HRVUITestsLaunchTests.swift in Sources */,
			);
			runOnlyForDeploymentPostprocessing = 0;
		};
/* End PBXSourcesBuildPhase section */

/* Begin PBXTargetDependency section */
		E0ED5D8F2886CBD400258227 /* PBXTargetDependency */ = {
			isa = PBXTargetDependency;
			target = E0ED5D7C2886CBD300258227 /* PPG-HRV */;
			targetProxy = E0ED5D8E2886CBD400258227 /* PBXContainerItemProxy */;
		};
		E0ED5D992886CBD400258227 /* PBXTargetDependency */ = {
			isa = PBXTargetDependency;
			target = E0ED5D7C2886CBD300258227 /* PPG-HRV */;
			targetProxy = E0ED5D982886CBD400258227 /* PBXContainerItemProxy */;
		};
/* End PBXTargetDependency section */

/* Begin XCBuildConfiguration section */
		E0ED5D9F2886CBD400258227 /* Debug */ = {
			isa = XCBuildConfiguration;
			buildSettings = {
				ALWAYS_SEARCH_USER_PATHS = NO;
				CLANG_ANALYZER_NONNULL = YES;
				CLANG_ANALYZER_NUMBER_OBJECT_CONVERSION = YES_AGGRESSIVE;
				CLANG_CXX_LANGUAGE_STANDARD = "gnu++17";
				CLANG_ENABLE_MODULES = YES;
				CLANG_ENABLE_OBJC_ARC = YES;
				CLANG_ENABLE_OBJC_WEAK = YES;
				CLANG_WARN_BLOCK_CAPTURE_AUTORELEASING = YES;
				CLANG_WARN_BOOL_CONVERSION = YES;
				CLANG_WARN_COMMA = YES;
				CLANG_WARN_CONSTANT_CONVERSION = YES;
				CLANG_WARN_DEPRECATED_OBJC_IMPLEMENTATIONS = YES;
				CLANG_WARN_DIRECT_OBJC_ISA_USAGE = YES_ERROR;
				CLANG_WARN_DOCUMENTATION_COMMENTS = YES;
				CLANG_WARN_EMPTY_BODY = YES;
				CLANG_WARN_ENUM_CONVERSION = YES;
				CLANG_WARN_INFINITE_RECURSION = YES;
				CLANG_WARN_INT_CONVERSION = YES;
				CLANG_WARN_NON_LITERAL_NULL_CONVERSION = YES;
				CLANG_WARN_OBJC_IMPLICIT_RETAIN_SELF = YES;
				CLANG_WARN_OBJC_LITERAL_CONVERSION = YES;
				CLANG_WARN_OBJC_ROOT_CLASS = YES_ERROR;
				CLANG_WARN_QUOTED_INCLUDE_IN_FRAMEWORK_HEADER = YES;
				CLANG_WARN_RANGE_LOOP_ANALYSIS = YES;
				CLANG_WARN_STRICT_PROTOTYPES = YES;
				CLANG_WARN_SUSPICIOUS_MOVE = YES;
				CLANG_WARN_UNGUARDED_AVAILABILITY = YES_AGGRESSIVE;
				CLANG_WARN_UNREACHABLE_CODE = YES;
				CLANG_WARN__DUPLICATE_METHOD_MATCH = YES;
				COPY_PHASE_STRIP = NO;
				DEBUG_INFORMATION_FORMAT = dwarf;
				ENABLE_STRICT_OBJC_MSGSEND = YES;
				ENABLE_TESTABILITY = YES;
				GCC_C_LANGUAGE_STANDARD = gnu11;
				GCC_DYNAMIC_NO_PIC = NO;
				GCC_NO_COMMON_BLOCKS = YES;
				GCC_OPTIMIZATION_LEVEL = 0;
				GCC_PREPROCESSOR_DEFINITIONS = (
					"DEBUG=1",
					"$(inherited)",
				);
				GCC_WARN_64_TO_32_BIT_CONVERSION = YES;
				GCC_WARN_ABOUT_RETURN_TYPE = YES_ERROR;
				GCC_WARN_UNDECLARED_SELECTOR = YES;
				GCC_WARN_UNINITIALIZED_AUTOS = YES_AGGRESSIVE;
				GCC_WARN_UNUSED_FUNCTION = YES;
				GCC_WARN_UNUSED_VARIABLE = YES;
				IPHONEOS_DEPLOYMENT_TARGET = 14.0;
				MTL_ENABLE_DEBUG_INFO = INCLUDE_SOURCE;
				MTL_FAST_MATH = YES;
				ONLY_ACTIVE_ARCH = YES;
				SDKROOT = iphoneos;
				SWIFT_ACTIVE_COMPILATION_CONDITIONS = DEBUG;
				SWIFT_OPTIMIZATION_LEVEL = "-Onone";
			};
			name = Debug;
		};
		E0ED5DA02886CBD400258227 /* Release */ = {
			isa = XCBuildConfiguration;
			buildSettings = {
				ALWAYS_SEARCH_USER_PATHS = NO;
				CLANG_ANALYZER_NONNULL = YES;
				CLANG_ANALYZER_NUMBER_OBJECT_CONVERSION = YES_AGGRESSIVE;
				CLANG_CXX_LANGUAGE_STANDARD = "gnu++17";
				CLANG_ENABLE_MODULES = YES;
				CLANG_ENABLE_OBJC_ARC = YES;
				CLANG_ENABLE_OBJC_WEAK = YES;
				CLANG_WARN_BLOCK_CAPTURE_AUTORELEASING = YES;
				CLANG_WARN_BOOL_CONVERSION = YES;
				CLANG_WARN_COMMA = YES;
				CLANG_WARN_CONSTANT_CONVERSION = YES;
				CLANG_WARN_DEPRECATED_OBJC_IMPLEMENTATIONS = YES;
				CLANG_WARN_DIRECT_OBJC_ISA_USAGE = YES_ERROR;
				CLANG_WARN_DOCUMENTATION_COMMENTS = YES;
				CLANG_WARN_EMPTY_BODY = YES;
				CLANG_WARN_ENUM_CONVERSION = YES;
				CLANG_WARN_INFINITE_RECURSION = YES;
				CLANG_WARN_INT_CONVERSION = YES;
				CLANG_WARN_NON_LITERAL_NULL_CONVERSION = YES;
				CLANG_WARN_OBJC_IMPLICIT_RETAIN_SELF = YES;
				CLANG_WARN_OBJC_LITERAL_CONVERSION = YES;
				CLANG_WARN_OBJC_ROOT_CLASS = YES_ERROR;
				CLANG_WARN_QUOTED_INCLUDE_IN_FRAMEWORK_HEADER = YES;
				CLANG_WARN_RANGE_LOOP_ANALYSIS = YES;
				CLANG_WARN_STRICT_PROTOTYPES = YES;
				CLANG_WARN_SUSPICIOUS_MOVE = YES;
				CLANG_WARN_UNGUARDED_AVAILABILITY = YES_AGGRESSIVE;
				CLANG_WARN_UNREACHABLE_CODE = YES;
				CLANG_WARN__DUPLICATE_METHOD_MATCH = YES;
				COPY_PHASE_STRIP = NO;
				DEBUG_INFORMATION_FORMAT = "dwarf-with-dsym";
				ENABLE_NS_ASSERTIONS = NO;
				ENABLE_STRICT_OBJC_MSGSEND = YES;
				GCC_C_LANGUAGE_STANDARD = gnu11;
				GCC_NO_COMMON_BLOCKS = YES;
				GCC_WARN_64_TO_32_BIT_CONVERSION = YES;
				GCC_WARN_ABOUT_RETURN_TYPE = YES_ERROR;
				GCC_WARN_UNDECLARED_SELECTOR = YES;
				GCC_WARN_UNINITIALIZED_AUTOS = YES_AGGRESSIVE;
				GCC_WARN_UNUSED_FUNCTION = YES;
				GCC_WARN_UNUSED_VARIABLE = YES;
				IPHONEOS_DEPLOYMENT_TARGET = 14.0;
				MTL_ENABLE_DEBUG_INFO = NO;
				MTL_FAST_MATH = YES;
				SDKROOT = iphoneos;
				SWIFT_COMPILATION_MODE = wholemodule;
				SWIFT_OPTIMIZATION_LEVEL = "-O";
				VALIDATE_PRODUCT = YES;
			};
			name = Release;
		};
		E0ED5DA22886CBD400258227 /* Debug */ = {
			isa = XCBuildConfiguration;
			buildSettings = {
				ASSETCATALOG_COMPILER_APPICON_NAME = AppIcon;
				ASSETCATALOG_COMPILER_GLOBAL_ACCENT_COLOR_NAME = AccentColor;
				CODE_SIGN_IDENTITY = "Apple Development";
				CODE_SIGN_STYLE = Automatic;
				CURRENT_PROJECT_VERSION = 1;
				DEVELOPMENT_ASSET_PATHS = "\"PPG-HRV/Preview Content\"";
				DEVELOPMENT_TEAM = 88A7L6Y39G;
				ENABLE_PREVIEWS = YES;
				GENERATE_INFOPLIST_FILE = YES;
				INFOPLIST_FILE = "PPG-HRV/Info.plist";
				INFOPLIST_KEY_NSBluetoothAlwaysUsageDescription = "获取设备连接数据";
				INFOPLIST_KEY_NSBluetoothPeripheralUsageDescription = "";
				INFOPLIST_KEY_UIApplicationSceneManifest_Generation = YES;
				INFOPLIST_KEY_UIApplicationSupportsIndirectInputEvents = YES;
				INFOPLIST_KEY_UILaunchScreen_Generation = YES;
				INFOPLIST_KEY_UIRequiresFullScreen = NO;
				INFOPLIST_KEY_UISupportedInterfaceOrientations_iPhone = "UIInterfaceOrientationLandscapeLeft UIInterfaceOrientationLandscapeRight UIInterfaceOrientationPortrait";
				IPHONEOS_DEPLOYMENT_TARGET = 14.0;
				LD_RUNPATH_SEARCH_PATHS = (
					"$(inherited)",
					"@executable_path/Frameworks",
				);
				MARKETING_VERSION = 1.0;
				OTHER_LDFLAGS = "-Objc";
				PRODUCT_BUNDLE_IDENTIFIER = "UnderTheLake.PPG-HRV";
				PRODUCT_NAME = "$(TARGET_NAME)";
				PROVISIONING_PROFILE_SPECIFIER = "";
				SWIFT_EMIT_LOC_STRINGS = YES;
				SWIFT_OBJC_BRIDGING_HEADER = "PPG-HRV/PPG-HRV-Bridging-Header.h";
				SWIFT_VERSION = 5.0;
				TARGETED_DEVICE_FAMILY = 1;
			};
			name = Debug;
		};
		E0ED5DA32886CBD400258227 /* Release */ = {
			isa = XCBuildConfiguration;
			buildSettings = {
				ASSETCATALOG_COMPILER_APPICON_NAME = AppIcon;
				ASSETCATALOG_COMPILER_GLOBAL_ACCENT_COLOR_NAME = AccentColor;
				CODE_SIGN_IDENTITY = "Apple Development";
				CODE_SIGN_STYLE = Automatic;
				CURRENT_PROJECT_VERSION = 1;
				DEVELOPMENT_ASSET_PATHS = "\"PPG-HRV/Preview Content\"";
				DEVELOPMENT_TEAM = 88A7L6Y39G;
				ENABLE_PREVIEWS = YES;
				GENERATE_INFOPLIST_FILE = YES;
				INFOPLIST_FILE = "PPG-HRV/Info.plist";
				INFOPLIST_KEY_NSBluetoothAlwaysUsageDescription = "获取设备连接数据";
				INFOPLIST_KEY_NSBluetoothPeripheralUsageDescription = "";
				INFOPLIST_KEY_UIApplicationSceneManifest_Generation = YES;
				INFOPLIST_KEY_UIApplicationSupportsIndirectInputEvents = YES;
				INFOPLIST_KEY_UILaunchScreen_Generation = YES;
				INFOPLIST_KEY_UIRequiresFullScreen = NO;
				INFOPLIST_KEY_UISupportedInterfaceOrientations_iPhone = "UIInterfaceOrientationLandscapeLeft UIInterfaceOrientationLandscapeRight UIInterfaceOrientationPortrait";
				IPHONEOS_DEPLOYMENT_TARGET = 14.0;
				LD_RUNPATH_SEARCH_PATHS = (
					"$(inherited)",
					"@executable_path/Frameworks",
				);
				MARKETING_VERSION = 1.0;
				OTHER_LDFLAGS = "-Objc";
				PRODUCT_BUNDLE_IDENTIFIER = "UnderTheLake.PPG-HRV";
				PRODUCT_NAME = "$(TARGET_NAME)";
				PROVISIONING_PROFILE_SPECIFIER = "";
				SWIFT_EMIT_LOC_STRINGS = YES;
				SWIFT_OBJC_BRIDGING_HEADER = "PPG-HRV/PPG-HRV-Bridging-Header.h";
				SWIFT_VERSION = 5.0;
				TARGETED_DEVICE_FAMILY = 1;
			};
			name = Release;
		};
		E0ED5DA52886CBD400258227 /* Debug */ = {
			isa = XCBuildConfiguration;
			buildSettings = {
				ALWAYS_EMBED_SWIFT_STANDARD_LIBRARIES = YES;
				BUNDLE_LOADER = "$(TEST_HOST)";
				CODE_SIGN_STYLE = Automatic;
				CURRENT_PROJECT_VERSION = 1;
				DEVELOPMENT_TEAM = 88A7L6Y39G;
				GENERATE_INFOPLIST_FILE = YES;
				IPHONEOS_DEPLOYMENT_TARGET = 16.0;
				MARKETING_VERSION = 1.0;
				PRODUCT_BUNDLE_IDENTIFIER = "underlake.PPG-HRVTests";
				PRODUCT_NAME = "$(TARGET_NAME)";
				SWIFT_EMIT_LOC_STRINGS = NO;
				SWIFT_VERSION = 5.0;
				TARGETED_DEVICE_FAMILY = "1,2";
				TEST_HOST = "$(BUILT_PRODUCTS_DIR)/PPG-HRV.app/$(BUNDLE_EXECUTABLE_FOLDER_PATH)/PPG-HRV";
			};
			name = Debug;
		};
		E0ED5DA62886CBD400258227 /* Release */ = {
			isa = XCBuildConfiguration;
			buildSettings = {
				ALWAYS_EMBED_SWIFT_STANDARD_LIBRARIES = YES;
				BUNDLE_LOADER = "$(TEST_HOST)";
				CODE_SIGN_STYLE = Automatic;
				CURRENT_PROJECT_VERSION = 1;
				DEVELOPMENT_TEAM = 88A7L6Y39G;
				GENERATE_INFOPLIST_FILE = YES;
				IPHONEOS_DEPLOYMENT_TARGET = 16.0;
				MARKETING_VERSION = 1.0;
				PRODUCT_BUNDLE_IDENTIFIER = "underlake.PPG-HRVTests";
				PRODUCT_NAME = "$(TARGET_NAME)";
				SWIFT_EMIT_LOC_STRINGS = NO;
				SWIFT_VERSION = 5.0;
				TARGETED_DEVICE_FAMILY = "1,2";
				TEST_HOST = "$(BUILT_PRODUCTS_DIR)/PPG-HRV.app/$(BUNDLE_EXECUTABLE_FOLDER_PATH)/PPG-HRV";
			};
			name = Release;
		};
		E0ED5DA82886CBD400258227 /* Debug */ = {
			isa = XCBuildConfiguration;
			buildSettings = {
				ALWAYS_EMBED_SWIFT_STANDARD_LIBRARIES = YES;
				CODE_SIGN_STYLE = Automatic;
				CURRENT_PROJECT_VERSION = 1;
				DEVELOPMENT_TEAM = 88A7L6Y39G;
				GENERATE_INFOPLIST_FILE = YES;
				MARKETING_VERSION = 1.0;
				PRODUCT_BUNDLE_IDENTIFIER = "underlake.PPG-HRVUITests";
				PRODUCT_NAME = "$(TARGET_NAME)";
				SWIFT_EMIT_LOC_STRINGS = NO;
				SWIFT_VERSION = 5.0;
				TARGETED_DEVICE_FAMILY = "1,2";
				TEST_TARGET_NAME = "PPG-HRV";
			};
			name = Debug;
		};
		E0ED5DA92886CBD400258227 /* Release */ = {
			isa = XCBuildConfiguration;
			buildSettings = {
				ALWAYS_EMBED_SWIFT_STANDARD_LIBRARIES = YES;
				CODE_SIGN_STYLE = Automatic;
				CURRENT_PROJECT_VERSION = 1;
				DEVELOPMENT_TEAM = 88A7L6Y39G;
				GENERATE_INFOPLIST_FILE = YES;
				MARKETING_VERSION = 1.0;
				PRODUCT_BUNDLE_IDENTIFIER = "underlake.PPG-HRVUITests";
				PRODUCT_NAME = "$(TARGET_NAME)";
				SWIFT_EMIT_LOC_STRINGS = NO;
				SWIFT_VERSION = 5.0;
				TARGETED_DEVICE_FAMILY = "1,2";
				TEST_TARGET_NAME = "PPG-HRV";
			};
			name = Release;
		};
/* End XCBuildConfiguration section */

/* Begin XCConfigurationList section */
		E0ED5D782886CBD300258227 /* Build configuration list for PBXProject "PPG-HRV" */ = {
			isa = XCConfigurationList;
			buildConfigurations = (
				E0ED5D9F2886CBD400258227 /* Debug */,
				E0ED5DA02886CBD400258227 /* Release */,
			);
			defaultConfigurationIsVisible = 0;
			defaultConfigurationName = Release;
		};
		E0ED5DA12886CBD400258227 /* Build configuration list for PBXNativeTarget "PPG-HRV" */ = {
			isa = XCConfigurationList;
			buildConfigurations = (
				E0ED5DA22886CBD400258227 /* Debug */,
				E0ED5DA32886CBD400258227 /* Release */,
			);
			defaultConfigurationIsVisible = 0;
			defaultConfigurationName = Release;
		};
		E0ED5DA42886CBD400258227 /* Build configuration list for PBXNativeTarget "PPG-HRVTests" */ = {
			isa = XCConfigurationList;
			buildConfigurations = (
				E0ED5DA52886CBD400258227 /* Debug */,
				E0ED5DA62886CBD400258227 /* Release */,
			);
			defaultConfigurationIsVisible = 0;
			defaultConfigurationName = Release;
		};
		E0ED5DA72886CBD400258227 /* Build configuration list for PBXNativeTarget "PPG-HRVUITests" */ = {
			isa = XCConfigurationList;
			buildConfigurations = (
				E0ED5DA82886CBD400258227 /* Debug */,
				E0ED5DA92886CBD400258227 /* Release */,
			);
			defaultConfigurationIsVisible = 0;
			defaultConfigurationName = Release;
		};
/* End XCConfigurationList section */

/* Begin XCRemoteSwiftPackageReference section */
		E0BD634B28902B5800CAA896 /* XCRemoteSwiftPackageReference "ChartView" */ = {
			isa = XCRemoteSwiftPackageReference;
			repositoryURL = "https://github.com/AppPear/ChartView";
			requirement = {
				kind = exactVersion;
				version = 1.5.5;
			};
		};
/* End XCRemoteSwiftPackageReference section */

/* Begin XCSwiftPackageProductDependency section */
		E0BD634C28902B5800CAA896 /* SwiftUICharts */ = {
			isa = XCSwiftPackageProductDependency;
			package = E0BD634B28902B5800CAA896 /* XCRemoteSwiftPackageReference "ChartView" */;
			productName = SwiftUICharts;
		};
/* End XCSwiftPackageProductDependency section */
	};
	rootObject = E0ED5D752886CBD300258227 /* Project object */;
}
