// !$*UTF8*$!
{
	archiveVersion = 1;
	classes = {
	};
	objectVersion = 56;
	objects = {

/* Begin PBXBuildFile section */
		E0ED5D812886CBD300258227 /* PPG_HRVApp.swift in Sources */ = {isa = PBXBuildFile; fileRef = E0ED5D802886CBD300258227 /* PPG_HRVApp.swift */; };
		E0ED5D852886CBD400258227 /* Assets.xcassets in Resources */ = {isa = PBXBuildFile; fileRef = E0ED5D842886CBD400258227 /* Assets.xcassets */; };
		E0ED5D882886CBD400258227 /* Preview Assets.xcassets in Resources */ = {isa = PBXBuildFile; fileRef = E0ED5D872886CBD400258227 /* Preview Assets.xcassets */; };
		E0ED5D922886CBD400258227 /* PPG_HRVTests.swift in Sources */ = {isa = PBXBuildFile; fileRef = E0ED5D912886CBD400258227 /* PPG_HRVTests.swift */; };
		E0ED5D9C2886CBD400258227 /* PPG_HRVUITests.swift in Sources */ = {isa = PBXBuildFile; fileRef = E0ED5D9B2886CBD400258227 /* PPG_HRVUITests.swift */; };
		E0ED5D9E2886CBD400258227 /* PPG_HRVUITestsLaunchTests.swift in Sources */ = {isa = PBXBuildFile; fileRef = E0ED5D9D2886CBD400258227 /* PPG_HRVUITestsLaunchTests.swift */; };
		E0ED5DAC2886EE3B00258227 /* SplashScreen.swift in Sources */ = {isa = PBXBuildFile; fileRef = E0ED5DAB2886EE3B00258227 /* SplashScreen.swift */; };
/* End PBXBuildFile section */

/* Begin PBXContainerItemProxy section */
		E0ED5D8E2886CBD400258227 /* PBXContainerItemProxy */ = {
			isa = PBXContainerItemProxy;
			containerPortal = E0ED5D752886CBD300258227 /* Project object */;
			proxyType = 1;
			remoteGlobalIDString = E0ED5D7C2886CBD300258227;
			remoteInfo = "PPG-HRV";
		};
		E0ED5D982886CBD400258227 /* PBXContainerItemProxy */ = {
			isa = PBXContainerItemProxy;
			containerPortal = E0ED5D752886CBD300258227 /* Project object */;
			proxyType = 1;
			remoteGlobalIDString = E0ED5D7C2886CBD300258227;
			remoteInfo = "PPG-HRV";
		};
/* End PBXContainerItemProxy section */

/* Begin PBXFileReference section */
		E0ED5D7D2886CBD300258227 /* PPG-HRV.app */ = {isa = PBXFileReference; explicitFileType = wrapper.application; includeInIndex = 0; path = "PPG-HRV.app"; sourceTree = BUILT_PRODUCTS_DIR; };
		E0ED5D802886CBD300258227 /* PPG_HRVApp.swift */ = {isa = PBXFileReference; lastKnownFileType = sourcecode.swift; path = PPG_HRVApp.swift; sourceTree = "<group>"; };
		E0ED5D842886CBD400258227 /* Assets.xcassets */ = {isa = PBXFileReference; lastKnownFileType = folder.assetcatalog; path = Assets.xcassets; sourceTree = "<group>"; };
		E0ED5D872886CBD400258227 /* Preview Assets.xcassets */ = {isa = PBXFileReference; lastKnownFileType = folder.assetcatalog; path = "Preview Assets.xcassets"; sourceTree = "<group>"; };
		E0ED5D8D2886CBD400258227 /* PPG-HRVTests.xctest */ = {isa = PBXFileReference; explicitFileType = wrapper.cfbundle; includeInIndex = 0; path = "PPG-HRVTests.xctest"; sourceTree = BUILT_PRODUCTS_DIR; };
		E0ED5D912886CBD400258227 /* PPG_HRVTests.swift */ = {isa = PBXFileReference; lastKnownFileType = sourcecode.swift; path = PPG_HRVTests.swift; sourceTree = "<group>"; };
		E0ED5D972886CBD400258227 /* PPG-HRVUITests.xctest */ = {isa = PBXFileReference; explicitFileType = wrapper.cfbundle; includeInIndex = 0; path = "PPG-HRVUITests.xctest"; sourceTree = BUILT_PRODUCTS_DIR; };
		E0ED5D9B2886CBD400258227 /* PPG_HRVUITests.swift */ = {isa = PBXFileReference; lastKnownFileType = sourcecode.swift; path = PPG_HRVUITests.swift; sourceTree = "<group>"; };
		E0ED5D9D2886CBD400258227 /* PPG_HRVUITestsLaunchTests.swift */ = {isa = PBXFileReference; lastKnownFileType = sourcecode.swift; path = PPG_HRVUITestsLaunchTests.swift; sourceTree = "<group>"; };
		E0ED5DAB2886EE3B00258227 /* SplashScreen.swift */ = {isa = PBXFileReference; lastKnownFileType = sourcecode.swift; path = SplashScreen.swift; sourceTree = "<group>"; };
/* End PBXFileReference section */

/* Begin PBXFrameworksBuildPhase section */
		E0ED5D7A2886CBD300258227 /* Frameworks */ = {
			isa = PBXFrameworksBuildPhase;
			buildActionMask = 2147483647;
			files = (
			);
			runOnlyForDeploymentPostprocessing = 0;
		};
		E0ED5D8A2886CBD400258227 /* Frameworks */ = {
			isa = PBXFrameworksBuildPhase;
			buildActionMask = 2147483647;
			files = (
			);
			runOnlyForDeploymentPostprocessing = 0;
		};
		E0ED5D942886CBD400258227 /* Frameworks */ = {
			isa = PBXFrameworksBuildPhase;
			buildActionMask = 2147483647;
			files = (
			);
			runOnlyForDeploymentPostprocessing = 0;
		};
/* End PBXFrameworksBuildPhase section */

/* Begin PBXGroup section */
		E0ED5D742886CBD300258227 = {
			isa = PBXGroup;
			children = (
				E0ED5D7F2886CBD300258227 /* PPG-HRV */,
				E0ED5D902886CBD400258227 /* PPG-HRVTests */,
				E0ED5D9A2886CBD400258227 /* PPG-HRVUITests */,
				E0ED5D7E2886CBD300258227 /* Products */,
			);
			sourceTree = "<group>";
		};
		E0ED5D7E2886CBD300258227 /* Products */ = {
			isa = PBXGroup;
			children = (
				E0ED5D7D2886CBD300258227 /* PPG-HRV.app */,
				E0ED5D8D2886CBD400258227 /* PPG-HRVTests.xctest */,
				E0ED5D972886CBD400258227 /* PPG-HRVUITests.xctest */,
			);
			name = Products;
			sourceTree = "<group>";
		};
		E0ED5D7F2886CBD300258227 /* PPG-HRV */ = {
			isa = PBXGroup;
			children = (
				E0ED5DAA2886EE0000258227 /* SplashScreen */,
				E0ED5D802886CBD300258227 /* PPG_HRVApp.swift */,
				E0ED5D842886CBD400258227 /* Assets.xcassets */,
				E0ED5D862886CBD400258227 /* Preview Content */,
			);
			path = "PPG-HRV";
			sourceTree = "<group>";
		};
		E0ED5D862886CBD400258227 /* Preview Content */ = {
			isa = PBXGroup;
			children = (
				E0ED5D872886CBD400258227 /* Preview Assets.xcassets */,
			);
			path = "Preview Content";
			sourceTree = "<group>";
		};
		E0ED5D902886CBD400258227 /* PPG-HRVTests */ = {
			isa = PBXGroup;
			children = (
				E0ED5D912886CBD400258227 /* PPG_HRVTests.swift */,
			);
			path = "PPG-HRVTests";
			sourceTree = "<group>";
		};
		E0ED5D9A2886CBD400258227 /* PPG-HRVUITests */ = {
			isa = PBXGroup;
			children = (
				E0ED5D9B2886CBD400258227 /* PPG_HRVUITests.swift */,
				E0ED5D9D2886CBD400258227 /* PPG_HRVUITestsLaunchTests.swift */,
			);
			path = "PPG-HRVUITests";
			sourceTree = "<group>";
		};
		E0ED5DAA2886EE0000258227 /* SplashScreen */ = {
			isa = PBXGroup;
			children = (
				E0ED5DAB2886EE3B00258227 /* SplashScreen.swift */,
			);
			path = SplashScreen;
			sourceTree = "<group>";
		};
/* End PBXGroup section */

/* Begin PBXNativeTarget section */
		E0ED5D7C2886CBD300258227 /* PPG-HRV */ = {
			isa = PBXNativeTarget;
			buildConfigurationList = E0ED5DA12886CBD400258227 /* Build configuration list for PBXNativeTarget "PPG-HRV" */;
			buildPhases = (
				E0ED5D792886CBD300258227 /* Sources */,
				E0ED5D7A2886CBD300258227 /* Frameworks */,
				E0ED5D7B2886CBD300258227 /* Resources */,
			);
			buildRules = (
			);
			dependencies = (
			);
			name = "PPG-HRV";
			productName = "PPG-HRV";
			productReference = E0ED5D7D2886CBD300258227 /* PPG-HRV.app */;
			productType = "com.apple.product-type.application";
		};
		E0ED5D8C2886CBD400258227 /* PPG-HRVTests */ = {
			isa = PBXNativeTarget;
			buildConfigurationList = E0ED5DA42886CBD400258227 /* Build configuration list for PBXNativeTarget "PPG-HRVTests" */;
			buildPhases = (
				E0ED5D892886CBD400258227 /* Sources */,
				E0ED5D8A2886CBD400258227 /* Frameworks */,
				E0ED5D8B2886CBD400258227 /* Resources */,
			);
			buildRules = (
			);
			dependencies = (
				E0ED5D8F2886CBD400258227 /* PBXTargetDependency */,
			);
			name = "PPG-HRVTests";
			productName = "PPG-HRVTests";
			productReference = E0ED5D8D2886CBD400258227 /* PPG-HRVTests.xctest */;
			productType = "com.apple.product-type.bundle.unit-test";
		};
		E0ED5D962886CBD400258227 /* PPG-HRVUITests */ = {
			isa = PBXNativeTarget;
			buildConfigurationList = E0ED5DA72886CBD400258227 /* Build configuration list for PBXNativeTarget "PPG-HRVUITests" */;
			buildPhases = (
				E0ED5D932886CBD400258227 /* Sources */,
				E0ED5D942886CBD400258227 /* Frameworks */,
				E0ED5D952886CBD400258227 /* Resources */,
			);
			buildRules = (
			);
			dependencies = (
				E0ED5D992886CBD400258227 /* PBXTargetDependency */,
			);
			name = "PPG-HRVUITests";
			productName = "PPG-HRVUITests";
			productReference = E0ED5D972886CBD400258227 /* PPG-HRVUITests.xctest */;
			productType = "com.apple.product-type.bundle.ui-testing";
		};
/* End PBXNativeTarget section */

/* Begin PBXProject section */
		E0ED5D752886CBD300258227 /* Project object */ = {
			isa = PBXProject;
			attributes = {
				BuildIndependentTargetsInParallel = 1;
				LastSwiftUpdateCheck = 1400;
				LastUpgradeCheck = 1400;
				TargetAttributes = {
					E0ED5D7C2886CBD300258227 = {
						CreatedOnToolsVersion = 14.0;
					};
					E0ED5D8C2886CBD400258227 = {
						CreatedOnToolsVersion = 14.0;
						TestTargetID = E0ED5D7C2886CBD300258227;
					};
					E0ED5D962886CBD400258227 = {
						CreatedOnToolsVersion = 14.0;
						TestTargetID = E0ED5D7C2886CBD300258227;
					};
				};
			};
			buildConfigurationList = E0ED5D782886CBD300258227 /* Build configuration list for PBXProject "PPG-HRV" */;
			compatibilityVersion = "Xcode 14.0";
			developmentRegion = en;
			hasScannedForEncodings = 0;
			knownRegions = (
				en,
				Base,
			);
			mainGroup = E0ED5D742886CBD300258227;
			productRefGroup = E0ED5D7E2886CBD300258227 /* Products */;
			projectDirPath = "";
			projectRoot = "";
			targets = (
				E0ED5D7C2886CBD300258227 /* PPG-HRV */,
				E0ED5D8C2886CBD400258227 /* PPG-HRVTests */,
				E0ED5D962886CBD400258227 /* PPG-HRVUITests */,
			);
		};
/* End PBXProject section */

/* Begin PBXResourcesBuildPhase section */
		E0ED5D7B2886CBD300258227 /* Resources */ = {
			isa = PBXResourcesBuildPhase;
			buildActionMask = 2147483647;
			files = (
				E0ED5D882886CBD400258227 /* Preview Assets.xcassets in Resources */,
				E0ED5D852886CBD400258227 /* Assets.xcassets in Resources */,
			);
			runOnlyForDeploymentPostprocessing = 0;
		};
		E0ED5D8B2886CBD400258227 /* Resources */ = {
			isa = PBXResourcesBuildPhase;
			buildActionMask = 2147483647;
			files = (
			);
			runOnlyForDeploymentPostprocessing = 0;
		};
		E0ED5D952886CBD400258227 /* Resources */ = {
			isa = PBXResourcesBuildPhase;
			buildActionMask = 2147483647;
			files = (
			);
			runOnlyForDeploymentPostprocessing = 0;
		};
/* End PBXResourcesBuildPhase section */

/* Begin PBXSourcesBuildPhase section */
		E0ED5D792886CBD300258227 /* Sources */ = {
			isa = PBXSourcesBuildPhase;
			buildActionMask = 2147483647;
			files = (
				E0ED5DAC2886EE3B00258227 /* SplashScreen.swift in Sources */,
				E0ED5D812886CBD300258227 /* PPG_HRVApp.swift in Sources */,
			);
			runOnlyForDeploymentPostprocessing = 0;
		};
		E0ED5D892886CBD400258227 /* Sources */ = {
			isa = PBXSourcesBuildPhase;
			buildActionMask = 2147483647;
			files = (
				E0ED5D922886CBD400258227 /* PPG_HRVTests.swift in Sources */,
			);
			runOnlyForDeploymentPostprocessing = 0;
		};
		E0ED5D932886CBD400258227 /* Sources */ = {
			isa = PBXSourcesBuildPhase;
			buildActionMask = 2147483647;
			files = (
				E0ED5D9C2886CBD400258227 /* PPG_HRVUITests.swift in Sources */,
				E0ED5D9E2886CBD400258227 /* PPG_HRVUITestsLaunchTests.swift in Sources */,
			);
			runOnlyForDeploymentPostprocessing = 0;
		};
/* End PBXSourcesBuildPhase section */

/* Begin PBXTargetDependency section */
		E0ED5D8F2886CBD400258227 /* PBXTargetDependency */ = {
			isa = PBXTargetDependency;
			target = E0ED5D7C2886CBD300258227 /* PPG-HRV */;
			targetProxy = E0ED5D8E2886CBD400258227 /* PBXContainerItemProxy */;
		};
		E0ED5D992886CBD400258227 /* PBXTargetDependency */ = {
			isa = PBXTargetDependency;
			target = E0ED5D7C2886CBD300258227 /* PPG-HRV */;
			targetProxy = E0ED5D982886CBD400258227 /* PBXContainerItemProxy */;
		};
/* End PBXTargetDependency section */

/* Begin XCBuildConfiguration section */
		E0ED5D9F2886CBD400258227 /* Debug */ = {
			isa = XCBuildConfiguration;
			buildSettings = {
				ALWAYS_SEARCH_USER_PATHS = NO;
				CLANG_ANALYZER_NONNULL = YES;
				CLANG_ANALYZER_NUMBER_OBJECT_CONVERSION = YES_AGGRESSIVE;
				CLANG_CXX_LANGUAGE_STANDARD = "gnu++17";
				CLANG_ENABLE_MODULES = YES;
				CLANG_ENABLE_OBJC_ARC = YES;
				CLANG_ENABLE_OBJC_WEAK = YES;
				CLANG_WARN_BLOCK_CAPTURE_AUTORELEASING = YES;
				CLANG_WARN_BOOL_CONVERSION = YES;
				CLANG_WARN_COMMA = YES;
				CLANG_WARN_CONSTANT_CONVERSION = YES;
				CLANG_WARN_DEPRECATED_OBJC_IMPLEMENTATIONS = YES;
				CLANG_WARN_DIRECT_OBJC_ISA_USAGE = YES_ERROR;
				CLANG_WARN_DOCUMENTATION_COMMENTS = YES;
				CLANG_WARN_EMPTY_BODY = YES;
				CLANG_WARN_ENUM_CONVERSION = YES;
				CLANG_WARN_INFINITE_RECURSION = YES;
				CLANG_WARN_INT_CONVERSION = YES;
				CLANG_WARN_NON_LITERAL_NULL_CONVERSION = YES;
				CLANG_WARN_OBJC_IMPLICIT_RETAIN_SELF = YES;
				CLANG_WARN_OBJC_LITERAL_CONVERSION = YES;
				CLANG_WARN_OBJC_ROOT_CLASS = YES_ERROR;
				CLANG_WARN_QUOTED_INCLUDE_IN_FRAMEWORK_HEADER = YES;
				CLANG_WARN_RANGE_LOOP_ANALYSIS = YES;
				CLANG_WARN_STRICT_PROTOTYPES = YES;
				CLANG_WARN_SUSPICIOUS_MOVE = YES;
				CLANG_WARN_UNGUARDED_AVAILABILITY = YES_AGGRESSIVE;
				CLANG_WARN_UNREACHABLE_CODE = YES;
				CLANG_WARN__DUPLICATE_METHOD_MATCH = YES;
				COPY_PHASE_STRIP = NO;
				DEBUG_INFORMATION_FORMAT = dwarf;
				ENABLE_STRICT_OBJC_MSGSEND = YES;
				ENABLE_TESTABILITY = YES;
				GCC_C_LANGUAGE_STANDARD = gnu11;
				GCC_DYNAMIC_NO_PIC = NO;
				GCC_NO_COMMON_BLOCKS = YES;
				GCC_OPTIMIZATION_LEVEL = 0;
				GCC_PREPROCESSOR_DEFINITIONS = (
					"DEBUG=1",
					"$(inherited)",
				);
				GCC_WARN_64_TO_32_BIT_CONVERSION = YES;
				GCC_WARN_ABOUT_RETURN_TYPE = YES_ERROR;
				GCC_WARN_UNDECLARED_SELECTOR = YES;
				GCC_WARN_UNINITIALIZED_AUTOS = YES_AGGRESSIVE;
				GCC_WARN_UNUSED_FUNCTION = YES;
				GCC_WARN_UNUSED_VARIABLE = YES;
				IPHONEOS_DEPLOYMENT_TARGET = 16.0;
				MTL_ENABLE_DEBUG_INFO = INCLUDE_SOURCE;
				MTL_FAST_MATH = YES;
				ONLY_ACTIVE_ARCH = YES;
				SDKROOT = iphoneos;
				SWIFT_ACTIVE_COMPILATION_CONDITIONS = DEBUG;
				SWIFT_OPTIMIZATION_LEVEL = "-Onone";
			};
			name = Debug;
		};
		E0ED5DA02886CBD400258227 /* Release */ = {
			isa = XCBuildConfiguration;
			buildSettings = {
				ALWAYS_SEARCH_USER_PATHS = NO;
				CLANG_ANALYZER_NONNULL = YES;
				CLANG_ANALYZER_NUMBER_OBJECT_CONVERSION = YES_AGGRESSIVE;
				CLANG_CXX_LANGUAGE_STANDARD = "gnu++17";
				CLANG_ENABLE_MODULES = YES;
				CLANG_ENABLE_OBJC_ARC = YES;
				CLANG_ENABLE_OBJC_WEAK = YES;
				CLANG_WARN_BLOCK_CAPTURE_AUTORELEASING = YES;
				CLANG_WARN_BOOL_CONVERSION = YES;
				CLANG_WARN_COMMA = YES;
				CLANG_WARN_CONSTANT_CONVERSION = YES;
				CLANG_WARN_DEPRECATED_OBJC_IMPLEMENTATIONS = YES;
				CLANG_WARN_DIRECT_OBJC_ISA_USAGE = YES_ERROR;
				CLANG_WARN_DOCUMENTATION_COMMENTS = YES;
				CLANG_WARN_EMPTY_BODY = YES;
				CLANG_WARN_ENUM_CONVERSION = YES;
				CLANG_WARN_INFINITE_RECURSION = YES;
				CLANG_WARN_INT_CONVERSION = YES;
				CLANG_WARN_NON_LITERAL_NULL_CONVERSION = YES;
				CLANG_WARN_OBJC_IMPLICIT_RETAIN_SELF = YES;
				CLANG_WARN_OBJC_LITERAL_CONVERSION = YES;
				CLANG_WARN_OBJC_ROOT_CLASS = YES_ERROR;
				CLANG_WARN_QUOTED_INCLUDE_IN_FRAMEWORK_HEADER = YES;
				CLANG_WARN_RANGE_LOOP_ANALYSIS = YES;
				CLANG_WARN_STRICT_PROTOTYPES = YES;
				CLANG_WARN_SUSPICIOUS_MOVE = YES;
				CLANG_WARN_UNGUARDED_AVAILABILITY = YES_AGGRESSIVE;
				CLANG_WARN_UNREACHABLE_CODE = YES;
				CLANG_WARN__DUPLICATE_METHOD_MATCH = YES;
				COPY_PHASE_STRIP = NO;
				DEBUG_INFORMATION_FORMAT = "dwarf-with-dsym";
				ENABLE_NS_ASSERTIONS = NO;
				ENABLE_STRICT_OBJC_MSGSEND = YES;
				GCC_C_LANGUAGE_STANDARD = gnu11;
				GCC_NO_COMMON_BLOCKS = YES;
				GCC_WARN_64_TO_32_BIT_CONVERSION = YES;
				GCC_WARN_ABOUT_RETURN_TYPE = YES_ERROR;
				GCC_WARN_UNDECLARED_SELECTOR = YES;
				GCC_WARN_UNINITIALIZED_AUTOS = YES_AGGRESSIVE;
				GCC_WARN_UNUSED_FUNCTION = YES;
				GCC_WARN_UNUSED_VARIABLE = YES;
				IPHONEOS_DEPLOYMENT_TARGET = 16.0;
				MTL_ENABLE_DEBUG_INFO = NO;
				MTL_FAST_MATH = YES;
				SDKROOT = iphoneos;
				SWIFT_COMPILATION_MODE = wholemodule;
				SWIFT_OPTIMIZATION_LEVEL = "-O";
				VALIDATE_PRODUCT = YES;
			};
			name = Release;
		};
		E0ED5DA22886CBD400258227 /* Debug */ = {
			isa = XCBuildConfiguration;
			buildSettings = {
				ASSETCATALOG_COMPILER_APPICON_NAME = AppIcon;
				ASSETCATALOG_COMPILER_GLOBAL_ACCENT_COLOR_NAME = AccentColor;
				CODE_SIGN_STYLE = Automatic;
				CURRENT_PROJECT_VERSION = 1;
				DEVELOPMENT_ASSET_PATHS = "\"PPG-HRV/Preview Content\"";
				DEVELOPMENT_TEAM = 597D238TLL;
				ENABLE_PREVIEWS = YES;
				GENERATE_INFOPLIST_FILE = YES;
				INFOPLIST_KEY_UIApplicationSceneManifest_Generation = YES;
				INFOPLIST_KEY_UIApplicationSupportsIndirectInputEvents = YES;
				INFOPLIST_KEY_UILaunchScreen_Generation = YES;
				INFOPLIST_KEY_UISupportedInterfaceOrientations_iPad = "UIInterfaceOrientationPortrait UIInterfaceOrientationPortraitUpsideDown UIInterfaceOrientationLandscapeLeft UIInterfaceOrientationLandscapeRight";
				INFOPLIST_KEY_UISupportedInterfaceOrientations_iPhone = "UIInterfaceOrientationPortrait UIInterfaceOrientationLandscapeLeft UIInterfaceOrientationLandscapeRight";
				IPHONEOS_DEPLOYMENT_TARGET = 14.0;
				LD_RUNPATH_SEARCH_PATHS = (
					"$(inherited)",
					"@executable_path/Frameworks",
				);
				MARKETING_VERSION = 1.0;
				PRODUCT_BUNDLE_IDENTIFIER = "underlake.PPG-HRV";
				PRODUCT_NAME = "$(TARGET_NAME)";
				SWIFT_EMIT_LOC_STRINGS = YES;
				SWIFT_VERSION = 5.0;
				TARGETED_DEVICE_FAMILY = "1,2";
			};
			name = Debug;
		};
		E0ED5DA32886CBD400258227 /* Release */ = {
			isa = XCBuildConfiguration;
			buildSettings = {
				ASSETCATALOG_COMPILER_APPICON_NAME = AppIcon;
				ASSETCATALOG_COMPILER_GLOBAL_ACCENT_COLOR_NAME = AccentColor;
				CODE_SIGN_STYLE = Automatic;
				CURRENT_PROJECT_VERSION = 1;
				DEVELOPMENT_ASSET_PATHS = "\"PPG-HRV/Preview Content\"";
				DEVELOPMENT_TEAM = 597D238TLL;
				ENABLE_PREVIEWS = YES;
				GENERATE_INFOPLIST_FILE = YES;
				INFOPLIST_KEY_UIApplicationSceneManifest_Generation = YES;
				INFOPLIST_KEY_UIApplicationSupportsIndirectInputEvents = YES;
				INFOPLIST_KEY_UILaunchScreen_Generation = YES;
				INFOPLIST_KEY_UISupportedInterfaceOrientations_iPad = "UIInterfaceOrientationPortrait UIInterfaceOrientationPortraitUpsideDown UIInterfaceOrientationLandscapeLeft UIInterfaceOrientationLandscapeRight";
				INFOPLIST_KEY_UISupportedInterfaceOrientations_iPhone = "UIInterfaceOrientationPortrait UIInterfaceOrientationLandscapeLeft UIInterfaceOrientationLandscapeRight";
				IPHONEOS_DEPLOYMENT_TARGET = 14.0;
				LD_RUNPATH_SEARCH_PATHS = (
					"$(inherited)",
					"@executable_path/Frameworks",
				);
				MARKETING_VERSION = 1.0;
				PRODUCT_BUNDLE_IDENTIFIER = "underlake.PPG-HRV";
				PRODUCT_NAME = "$(TARGET_NAME)";
				SWIFT_EMIT_LOC_STRINGS = YES;
				SWIFT_VERSION = 5.0;
				TARGETED_DEVICE_FAMILY = "1,2";
			};
			name = Release;
		};
		E0ED5DA52886CBD400258227 /* Debug */ = {
			isa = XCBuildConfiguration;
			buildSettings = {
				ALWAYS_EMBED_SWIFT_STANDARD_LIBRARIES = YES;
				BUNDLE_LOADER = "$(TEST_HOST)";
				CODE_SIGN_STYLE = Automatic;
				CURRENT_PROJECT_VERSION = 1;
				DEVELOPMENT_TEAM = 597D238TLL;
				GENERATE_INFOPLIST_FILE = YES;
				IPHONEOS_DEPLOYMENT_TARGET = 16.0;
				MARKETING_VERSION = 1.0;
				PRODUCT_BUNDLE_IDENTIFIER = "underlake.PPG-HRVTests";
				PRODUCT_NAME = "$(TARGET_NAME)";
				SWIFT_EMIT_LOC_STRINGS = NO;
				SWIFT_VERSION = 5.0;
				TARGETED_DEVICE_FAMILY = "1,2";
				TEST_HOST = "$(BUILT_PRODUCTS_DIR)/PPG-HRV.app/$(BUNDLE_EXECUTABLE_FOLDER_PATH)/PPG-HRV";
			};
			name = Debug;
		};
		E0ED5DA62886CBD400258227 /* Release */ = {
			isa = XCBuildConfiguration;
			buildSettings = {
				ALWAYS_EMBED_SWIFT_STANDARD_LIBRARIES = YES;
				BUNDLE_LOADER = "$(TEST_HOST)";
				CODE_SIGN_STYLE = Automatic;
				CURRENT_PROJECT_VERSION = 1;
				DEVELOPMENT_TEAM = 597D238TLL;
				GENERATE_INFOPLIST_FILE = YES;
				IPHONEOS_DEPLOYMENT_TARGET = 16.0;
				MARKETING_VERSION = 1.0;
				PRODUCT_BUNDLE_IDENTIFIER = "underlake.PPG-HRVTests";
				PRODUCT_NAME = "$(TARGET_NAME)";
				SWIFT_EMIT_LOC_STRINGS = NO;
				SWIFT_VERSION = 5.0;
				TARGETED_DEVICE_FAMILY = "1,2";
				TEST_HOST = "$(BUILT_PRODUCTS_DIR)/PPG-HRV.app/$(BUNDLE_EXECUTABLE_FOLDER_PATH)/PPG-HRV";
			};
			name = Release;
		};
		E0ED5DA82886CBD400258227 /* Debug */ = {
			isa = XCBuildConfiguration;
			buildSettings = {
				ALWAYS_EMBED_SWIFT_STANDARD_LIBRARIES = YES;
				CODE_SIGN_STYLE = Automatic;
				CURRENT_PROJECT_VERSION = 1;
				DEVELOPMENT_TEAM = 597D238TLL;
				GENERATE_INFOPLIST_FILE = YES;
				MARKETING_VERSION = 1.0;
				PRODUCT_BUNDLE_IDENTIFIER = "underlake.PPG-HRVUITests";
				PRODUCT_NAME = "$(TARGET_NAME)";
				SWIFT_EMIT_LOC_STRINGS = NO;
				SWIFT_VERSION = 5.0;
				TARGETED_DEVICE_FAMILY = "1,2";
				TEST_TARGET_NAME = "PPG-HRV";
			};
			name = Debug;
		};
		E0ED5DA92886CBD400258227 /* Release */ = {
			isa = XCBuildConfiguration;
			buildSettings = {
				ALWAYS_EMBED_SWIFT_STANDARD_LIBRARIES = YES;
				CODE_SIGN_STYLE = Automatic;
				CURRENT_PROJECT_VERSION = 1;
				DEVELOPMENT_TEAM = 597D238TLL;
				GENERATE_INFOPLIST_FILE = YES;
				MARKETING_VERSION = 1.0;
				PRODUCT_BUNDLE_IDENTIFIER = "underlake.PPG-HRVUITests";
				PRODUCT_NAME = "$(TARGET_NAME)";
				SWIFT_EMIT_LOC_STRINGS = NO;
				SWIFT_VERSION = 5.0;
				TARGETED_DEVICE_FAMILY = "1,2";
				TEST_TARGET_NAME = "PPG-HRV";
			};
			name = Release;
		};
/* End XCBuildConfiguration section */

/* Begin XCConfigurationList section */
		E0ED5D782886CBD300258227 /* Build configuration list for PBXProject "PPG-HRV" */ = {
			isa = XCConfigurationList;
			buildConfigurations = (
				E0ED5D9F2886CBD400258227 /* Debug */,
				E0ED5DA02886CBD400258227 /* Release */,
			);
			defaultConfigurationIsVisible = 0;
			defaultConfigurationName = Release;
		};
		E0ED5DA12886CBD400258227 /* Build configuration list for PBXNativeTarget "PPG-HRV" */ = {
			isa = XCConfigurationList;
			buildConfigurations = (
				E0ED5DA22886CBD400258227 /* Debug */,
				E0ED5DA32886CBD400258227 /* Release */,
			);
			defaultConfigurationIsVisible = 0;
			defaultConfigurationName = Release;
		};
		E0ED5DA42886CBD400258227 /* Build configuration list for PBXNativeTarget "PPG-HRVTests" */ = {
			isa = XCConfigurationList;
			buildConfigurations = (
				E0ED5DA52886CBD400258227 /* Debug */,
				E0ED5DA62886CBD400258227 /* Release */,
			);
			defaultConfigurationIsVisible = 0;
			defaultConfigurationName = Release;
		};
		E0ED5DA72886CBD400258227 /* Build configuration list for PBXNativeTarget "PPG-HRVUITests" */ = {
			isa = XCConfigurationList;
			buildConfigurations = (
				E0ED5DA82886CBD400258227 /* Debug */,
				E0ED5DA92886CBD400258227 /* Release */,
			);
			defaultConfigurationIsVisible = 0;
			defaultConfigurationName = Release;
		};
/* End XCConfigurationList section */
	};
	rootObject = E0ED5D752886CBD300258227 /* Project object */;
}
